// !$*UTF8*$!
{
	archiveVersion = 1;
	classes = {
	};
	objectVersion = 46;
	objects = {

/* Begin PBXBuildFile section */
		21AFFECB1B4B927100D2EB84 /* WebKit.framework in Frameworks */ = {isa = PBXBuildFile; fileRef = 21AFFECA1B4B927100D2EB84 /* WebKit.framework */; settings = {ATTRIBUTES = (Weak, ); }; };
		9DF047511B748C3E00A3D1FF /* FillrSDKBundle.bundle in Resources */ = {isa = PBXBuildFile; fileRef = 9DF047501B748C3E00A3D1FF /* FillrSDKBundle.bundle */; };
		9DF0475C1B74904E00A3D1FF /* libFillrSDK.a in Frameworks */ = {isa = PBXBuildFile; fileRef = 9DF047571B748C3E00A3D1FF /* libFillrSDK.a */; };
		F4047E4319E6E6B700D27001 /* DejalActivityView.m in Sources */ = {isa = PBXBuildFile; fileRef = F4047E4119E6E6B700D27001 /* DejalActivityView.m */; };
		F4047E4C19E766D500D27001 /* UICKeyChainStore.m in Sources */ = {isa = PBXBuildFile; fileRef = F4047E4B19E766D500D27001 /* UICKeyChainStore.m */; };
		F406C028195F25A300A84C76 /* NSData+Base64.m in Sources */ = {isa = PBXBuildFile; fileRef = F406C005195F25A300A84C76 /* NSData+Base64.m */; };
		F406C029195F25A300A84C76 /* NSString+Base64.m in Sources */ = {isa = PBXBuildFile; fileRef = F406C007195F25A300A84C76 /* NSString+Base64.m */; };
		F406C02A195F25A300A84C76 /* CryptoProxy.m in Sources */ = {isa = PBXBuildFile; fileRef = F406C009195F25A300A84C76 /* CryptoProxy.m */; };
		F406C02D195F25A300A84C76 /* HawkAuth.m in Sources */ = {isa = PBXBuildFile; fileRef = F406C00F195F25A300A84C76 /* HawkAuth.m */; };
		F406C02E195F25A300A84C76 /* HawkCredentials.m in Sources */ = {isa = PBXBuildFile; fileRef = F406C011195F25A300A84C76 /* HawkCredentials.m */; };
		F406C02F195F25A300A84C76 /* HawkError.m in Sources */ = {isa = PBXBuildFile; fileRef = F406C013195F25A300A84C76 /* HawkError.m */; };
		F406C030195F25A300A84C76 /* NSString+Parser.m in Sources */ = {isa = PBXBuildFile; fileRef = F406C015195F25A300A84C76 /* NSString+Parser.m */; };
		F406C031195F25A300A84C76 /* NSString+Trim.m in Sources */ = {isa = PBXBuildFile; fileRef = F406C017195F25A300A84C76 /* NSString+Trim.m */; };
		F406C034195F25A300A84C76 /* FXAccountClient.m in Sources */ = {isa = PBXBuildFile; fileRef = F406C01D195F25A300A84C76 /* FXAccountClient.m */; };
		F406C035195F25A300A84C76 /* FXUserAuth.m in Sources */ = {isa = PBXBuildFile; fileRef = F406C01F195F25A300A84C76 /* FXUserAuth.m */; };
		F406C036195F25A300A84C76 /* FXSyncStore.m in Sources */ = {isa = PBXBuildFile; fileRef = F406C021195F25A300A84C76 /* FXSyncStore.m */; };
		F406C037195F25A300A84C76 /* FXSyncEngine.m in Sources */ = {isa = PBXBuildFile; fileRef = F406C023195F25A300A84C76 /* FXSyncEngine.m */; };
		F406C038195F25A300A84C76 /* FXSyncItem.m in Sources */ = {isa = PBXBuildFile; fileRef = F406C025195F25A300A84C76 /* FXSyncItem.m */; };
		F406C039195F25A300A84C76 /* NSData+Ext.m in Sources */ = {isa = PBXBuildFile; fileRef = F406C027195F25A300A84C76 /* NSData+Ext.m */; };
		F407FAB617E622D6008179F4 /* Images.xcassets in Resources */ = {isa = PBXBuildFile; fileRef = F407FAB517E622D6008179F4 /* Images.xcassets */; };
		F407FABF17E6231E008179F4 /* libGoogleAnalyticsServices.a in Frameworks */ = {isa = PBXBuildFile; fileRef = F407FABE17E6231E008179F4 /* libGoogleAnalyticsServices.a */; };
		F40AF1E516D2C9AB00EDFD02 /* JSSearchTools.js in Resources */ = {isa = PBXBuildFile; fileRef = F40AF1E416D2C9AA00EDFD02 /* JSSearchTools.js */; };
		F41084D719CB46FD0064A9B3 /* Reachability.m in Sources */ = {isa = PBXBuildFile; fileRef = F41084D619CB46FD0064A9B3 /* Reachability.m */; };
		F410E96519E19FEC001F0112 /* FXFolderSelectorController.m in Sources */ = {isa = PBXBuildFile; fileRef = F410E96419E19FEC001F0112 /* FXFolderSelectorController.m */; };
		F419E75818423E75007EE996 /* AVFoundation.framework in Frameworks */ = {isa = PBXBuildFile; fileRef = F419E75718423E75007EE996 /* AVFoundation.framework */; };
		F42CC123195652D8005411EA /* CoreGraphics.framework in Frameworks */ = {isa = PBXBuildFile; fileRef = F4FE2C4D159B6C58001B04D7 /* CoreGraphics.framework */; };
		F42CC1291956626A005411EA /* NSStringPunycodeAdditions.m in Sources */ = {isa = PBXBuildFile; fileRef = F42CC1281956626A005411EA /* NSStringPunycodeAdditions.m */; };
		F446638816A2E31F00047704 /* Social.framework in Frameworks */ = {isa = PBXBuildFile; fileRef = F446638716A2E31F00047704 /* Social.framework */; settings = {ATTRIBUTES = (Required, ); }; };
		F44870BC1687E0E700769EA4 /* JSTools.js in Resources */ = {isa = PBXBuildFile; fileRef = F46A6371167C300E0004BE43 /* JSTools.js */; };
		F455171415A47D9100E0B54E /* MessageUI.framework in Frameworks */ = {isa = PBXBuildFile; fileRef = F455171315A47D9100E0B54E /* MessageUI.framework */; };
		F455171615A47D9800E0B54E /* CFNetwork.framework in Frameworks */ = {isa = PBXBuildFile; fileRef = F455171515A47D9800E0B54E /* CFNetwork.framework */; };
		F455171815A47D9E00E0B54E /* libz.dylib in Frameworks */ = {isa = PBXBuildFile; fileRef = F455171715A47D9E00E0B54E /* libz.dylib */; };
		F455171A15A47DA400E0B54E /* SystemConfiguration.framework in Frameworks */ = {isa = PBXBuildFile; fileRef = F455171915A47DA400E0B54E /* SystemConfiguration.framework */; };
		F455171C15A47DB100E0B54E /* MobileCoreServices.framework in Frameworks */ = {isa = PBXBuildFile; fileRef = F455171B15A47DB100E0B54E /* MobileCoreServices.framework */; };
		F455C5F51A02E74500F49C07 /* Icons.xcassets in Resources */ = {isa = PBXBuildFile; fileRef = F455C5F41A02E74400F49C07 /* Icons.xcassets */; };
		F455C5F81A08702500F49C07 /* NSString+Levenshtein.m in Sources */ = {isa = PBXBuildFile; fileRef = F455C5F71A08702500F49C07 /* NSString+Levenshtein.m */; };
		F459C15F15C6AF3200740236 /* SGBottomView.m in Sources */ = {isa = PBXBuildFile; fileRef = F459C15E15C6AF3200740236 /* SGBottomView.m */; };
		F45E1ED01819923000786048 /* CacheStoragePolicy.m in Sources */ = {isa = PBXBuildFile; fileRef = F45E1ECB1819923000786048 /* CacheStoragePolicy.m */; };
		F45E1ED11819923000786048 /* CanonicalRequest.m in Sources */ = {isa = PBXBuildFile; fileRef = F45E1ECD1819923000786048 /* CanonicalRequest.m */; settings = {COMPILER_FLAGS = "-fno-objc-arc"; }; };
		F45E1ED21819923000786048 /* CustomHTTPProtocol.m in Sources */ = {isa = PBXBuildFile; fileRef = F45E1ECF1819923000786048 /* CustomHTTPProtocol.m */; settings = {COMPILER_FLAGS = "-fno-objc-arc"; }; };
		F467007D15A64CE000EACFBD /* Security.framework in Frameworks */ = {isa = PBXBuildFile; fileRef = F467007C15A64CE000EACFBD /* Security.framework */; };
		F467007F15A64CF200EACFBD /* QuartzCore.framework in Frameworks */ = {isa = PBXBuildFile; fileRef = F467007E15A64CF200EACFBD /* QuartzCore.framework */; };
		F46700FE15A651FA00EACFBD /* libicucore.dylib in Frameworks */ = {isa = PBXBuildFile; fileRef = F46700FD15A651FA00EACFBD /* libicucore.dylib */; };
		F46991E119FDB0D0005FC698 /* NJKWebViewProgress.m in Sources */ = {isa = PBXBuildFile; fileRef = F46991DE19FDB0D0005FC698 /* NJKWebViewProgress.m */; };
		F46991E219FDB0D0005FC698 /* NJKWebViewProgressView.m in Sources */ = {isa = PBXBuildFile; fileRef = F46991E019FDB0D0005FC698 /* NJKWebViewProgressView.m */; };
		F46A63B0167CCC1E0004BE43 /* SGSearchField.m in Sources */ = {isa = PBXBuildFile; fileRef = F46A63AD167CCC1E0004BE43 /* SGSearchField.m */; };
		F46A63B1167CCC1E0004BE43 /* SGSearchViewController.m in Sources */ = {isa = PBXBuildFile; fileRef = F46A63AF167CCC1E0004BE43 /* SGSearchViewController.m */; };
		F46A63B5167CE08F0004BE43 /* SGPageViewController.m in Sources */ = {isa = PBXBuildFile; fileRef = F46A63B4167CE08F0004BE43 /* SGPageViewController.m */; };
		F48A732716BFFF8B006B25CB /* CoreData.framework in Frameworks */ = {isa = PBXBuildFile; fileRef = F48A732616BFFF8B006B25CB /* CoreData.framework */; };
		F48AF7BA15A39632003A8DF0 /* UIWebView+WebViewAdditions.m in Sources */ = {isa = PBXBuildFile; fileRef = F48AF7B915A39632003A8DF0 /* UIWebView+WebViewAdditions.m */; };
		F49EE8AD15A24426001B4D5F /* SGTabView.m in Sources */ = {isa = PBXBuildFile; fileRef = F49EE8A615A24426001B4D5F /* SGTabView.m */; };
		F49EE8AE15A24426001B4D5F /* SGTabsView.m in Sources */ = {isa = PBXBuildFile; fileRef = F49EE8A815A24426001B4D5F /* SGTabsView.m */; };
		F49EE8AF15A24426001B4D5F /* SGTabsViewController.m in Sources */ = {isa = PBXBuildFile; fileRef = F49EE8AA15A24426001B4D5F /* SGTabsViewController.m */; };
		F49EE8B015A24426001B4D5F /* SGTabsToolbar.m in Sources */ = {isa = PBXBuildFile; fileRef = F49EE8AC15A24426001B4D5F /* SGTabsToolbar.m */; };
		F49EE8B815A246AE001B4D5F /* SGWebViewController.m in Sources */ = {isa = PBXBuildFile; fileRef = F49EE8B715A246AE001B4D5F /* SGWebViewController.m */; };
		F4ADE13D19AF9C8D00A5B380 /* tommath.c in Sources */ = {isa = PBXBuildFile; fileRef = F4ADE13919AF9C8D00A5B380 /* tommath.c */; };
		F4ADE13F19AFC00900A5B380 /* libsqlite3.0.dylib in Frameworks */ = {isa = PBXBuildFile; fileRef = F4ADE13E19AFC00900A5B380 /* libsqlite3.0.dylib */; };
		F4B72E861A369BA8000E0753 /* TUSafariActivity.strings in Resources */ = {isa = PBXBuildFile; fileRef = F4B72E671A369BA8000E0753 /* TUSafariActivity.strings */; };
		F4B72E871A369BA8000E0753 /* safari.png in Resources */ = {isa = PBXBuildFile; fileRef = F4B72E771A369BA8000E0753 /* safari.png */; };
		F4B72E881A369BA8000E0753 /* safari@2x.png in Resources */ = {isa = PBXBuildFile; fileRef = F4B72E781A369BA8000E0753 /* safari@2x.png */; };
		F4B72E891A369BA8000E0753 /* safari@3x.png in Resources */ = {isa = PBXBuildFile; fileRef = F4B72E791A369BA8000E0753 /* safari@3x.png */; };
		F4B72E8A1A369BA8000E0753 /* safari~iPad.png in Resources */ = {isa = PBXBuildFile; fileRef = F4B72E7A1A369BA8000E0753 /* safari~iPad.png */; };
		F4B72E8B1A369BA8000E0753 /* safari~iPad@2x.png in Resources */ = {isa = PBXBuildFile; fileRef = F4B72E7B1A369BA8000E0753 /* safari~iPad@2x.png */; };
		F4B72E8D1A369BA8000E0753 /* TUSafariActivity.m in Sources */ = {isa = PBXBuildFile; fileRef = F4B72E831A369BA8000E0753 /* TUSafariActivity.m */; };
		F4B72E901A369C24000E0753 /* LICENSE in Resources */ = {isa = PBXBuildFile; fileRef = F4B72E8F1A369C24000E0753 /* LICENSE */; };
		F4BB5B0C16C32B7F00275E31 /* StoreKit.framework in Frameworks */ = {isa = PBXBuildFile; fileRef = F4BB5B0B16C32B7F00275E31 /* StoreKit.framework */; };
		F4BB5B1116C32C8300275E31 /* Appirater.m in Sources */ = {isa = PBXBuildFile; fileRef = F4BB5B0F16C32C8300275E31 /* Appirater.m */; };
		F4BBDC9D19E427290078D4AA /* SGToolbarView.m in Sources */ = {isa = PBXBuildFile; fileRef = F4BBDC9C19E427290078D4AA /* SGToolbarView.m */; };
		F4BBDCA119E435640078D4AA /* KxMenu.m in Sources */ = {isa = PBXBuildFile; fileRef = F4BBDCA019E435640078D4AA /* KxMenu.m */; };
		F4BBDD3519E453450078D4AA /* AppiraterLocalizable.strings in Resources */ = {isa = PBXBuildFile; fileRef = F4BBDD3319E453450078D4AA /* AppiraterLocalizable.strings */; };
		F4BBDD5A19E617390078D4AA /* FXHelpViewController.m in Sources */ = {isa = PBXBuildFile; fileRef = F4BBDD5919E617390078D4AA /* FXHelpViewController.m */; };
		F4C0C0C319DDAD7D00EF8722 /* FXTabsViewController.m in Sources */ = {isa = PBXBuildFile; fileRef = F4C0C0C219DDAD7D00EF8722 /* FXTabsViewController.m */; };
		F4C0C0C719DDADA300EF8722 /* FXLoginViewController.m in Sources */ = {isa = PBXBuildFile; fileRef = F4C0C0C619DDADA300EF8722 /* FXLoginViewController.m */; };
		F4C0C0CA19DDAE0E00EF8722 /* FXBookmarkTableController.m in Sources */ = {isa = PBXBuildFile; fileRef = F4C0C0C919DDAE0E00EF8722 /* FXBookmarkTableController.m */; };
		F4C0C0CD19DDB00400EF8722 /* FXSettingsViewController.m in Sources */ = {isa = PBXBuildFile; fileRef = F4C0C0CC19DDB00400EF8722 /* FXSettingsViewController.m */; };
		F4C0C0D319DDCC6200EF8722 /* FXBookmarkEditController.m in Sources */ = {isa = PBXBuildFile; fileRef = F4C0C0D219DDCC6200EF8722 /* FXBookmarkEditController.m */; };
		F4C1EE2215B07F9F00FB2B97 /* SGBlankController.m in Sources */ = {isa = PBXBuildFile; fileRef = F4C1EE2115B07F9F00FB2B97 /* SGBlankController.m */; };
		F4C1EE2515B07FCB00FB2B97 /* SGPreviewPanel.m in Sources */ = {isa = PBXBuildFile; fileRef = F4C1EE2415B07FCB00FB2B97 /* SGPreviewPanel.m */; };
		F4C3906C161093D500349AA4 /* Settings.bundle in Resources */ = {isa = PBXBuildFile; fileRef = F4C3906B161093D500349AA4 /* Settings.bundle */; };
		F4C6F7CB1A282EE500266392 /* FXSettingsViewController.xib in Resources */ = {isa = PBXBuildFile; fileRef = F4C6F7CD1A282EE500266392 /* FXSettingsViewController.xib */; };
		F4C6F7CE1A282EF500266392 /* FXLoginViewController.xib in Resources */ = {isa = PBXBuildFile; fileRef = F4C6F7D01A282EF500266392 /* FXLoginViewController.xib */; };
		F4D03D5316C6A9BA00A67B9F /* SGBrowserViewController.m in Sources */ = {isa = PBXBuildFile; fileRef = F4D03D4716C6A9BA00A67B9F /* SGBrowserViewController.m */; };
		F4D03D5716C6A9BA00A67B9F /* SGFavouritesManager.m in Sources */ = {isa = PBXBuildFile; fileRef = F4D03D5016C6A9BA00A67B9F /* SGFavouritesManager.m */; };
		F4D03D5816C6A9BA00A67B9F /* UIImage+Scaling.m in Sources */ = {isa = PBXBuildFile; fileRef = F4D03D5216C6A9BA00A67B9F /* UIImage+Scaling.m */; };
		F4D410E319D2641200E22491 /* FXSyncStock.m in Sources */ = {isa = PBXBuildFile; fileRef = F4D410E219D2641200E22491 /* FXSyncStock.m */; };
		F4D6B069167FBEAF00BF8D4A /* SGPageToolbar.m in Sources */ = {isa = PBXBuildFile; fileRef = F4D6B068167FBEAF00BF8D4A /* SGPageToolbar.m */; };
		F4D9F83C1A27BBD2003E1D0C /* FXSync.strings in Resources */ = {isa = PBXBuildFile; fileRef = F4D9F83A1A27BBD2003E1D0C /* FXSync.strings */; };
		F4FCC8F915B77D4800207BEA /* Twitter.framework in Frameworks */ = {isa = PBXBuildFile; fileRef = F4FCC8F815B77D4800207BEA /* Twitter.framework */; };
		F4FD2B6615ADDB7B005DBAB4 /* Localizable.strings in Resources */ = {isa = PBXBuildFile; fileRef = F4FD2B6415ADDB7B005DBAB4 /* Localizable.strings */; };
		F4FE2C4A159B6C58001B04D7 /* UIKit.framework in Frameworks */ = {isa = PBXBuildFile; fileRef = F4FE2C49159B6C58001B04D7 /* UIKit.framework */; };
		F4FE2C4C159B6C58001B04D7 /* Foundation.framework in Frameworks */ = {isa = PBXBuildFile; fileRef = F4FE2C4B159B6C58001B04D7 /* Foundation.framework */; };
		F4FE2C56159B6C58001B04D7 /* main.m in Sources */ = {isa = PBXBuildFile; fileRef = F4FE2C55159B6C58001B04D7 /* main.m */; };
		F4FE2C5A159B6C58001B04D7 /* SGAppDelegate.m in Sources */ = {isa = PBXBuildFile; fileRef = F4FE2C59159B6C58001B04D7 /* SGAppDelegate.m */; };
		F4FE7F2015B48F8900471BD1 /* SGAddButton.m in Sources */ = {isa = PBXBuildFile; fileRef = F4FE7F1F15B48F8900471BD1 /* SGAddButton.m */; };
/* End PBXBuildFile section */

/* Begin PBXContainerItemProxy section */
		9DF047561B748C3E00A3D1FF /* PBXContainerItemProxy */ = {
			isa = PBXContainerItemProxy;
			containerPortal = 9DF0474D1B748C3E00A3D1FF /* FillrSDK.xcodeproj */;
			proxyType = 2;
			remoteGlobalIDString = 21FD5CB71AEF51AE00300809;
			remoteInfo = FillrSDK;
		};
		9DF047581B748C3E00A3D1FF /* PBXContainerItemProxy */ = {
			isa = PBXContainerItemProxy;
			containerPortal = 9DF0474D1B748C3E00A3D1FF /* FillrSDK.xcodeproj */;
			proxyType = 2;
			remoteGlobalIDString = 21FD5CC21AEF51AE00300809;
			remoteInfo = FillrSDKTests;
		};
		9DF0475A1B748C3E00A3D1FF /* PBXContainerItemProxy */ = {
			isa = PBXContainerItemProxy;
			containerPortal = 9DF0474D1B748C3E00A3D1FF /* FillrSDK.xcodeproj */;
			proxyType = 2;
			remoteGlobalIDString = 211CCA021AF1E2DD00B13FBD;
			remoteInfo = FillrSDKBundle;
		};
/* End PBXContainerItemProxy section */

/* Begin PBXFileReference section */
		21AFFECA1B4B927100D2EB84 /* WebKit.framework */ = {isa = PBXFileReference; lastKnownFileType = wrapper.framework; name = WebKit.framework; path = System/Library/Frameworks/WebKit.framework; sourceTree = SDKROOT; };
		9DF0474D1B748C3E00A3D1FF /* FillrSDK.xcodeproj */ = {isa = PBXFileReference; lastKnownFileType = "wrapper.pb-project"; name = FillrSDK.xcodeproj; path = FillrSDK/FillrSDK.xcodeproj; sourceTree = "<group>"; };
		9DF047501B748C3E00A3D1FF /* FillrSDKBundle.bundle */ = {isa = PBXFileReference; lastKnownFileType = "wrapper.plug-in"; name = FillrSDKBundle.bundle; path = FillrSDK/FillrSDKBundle.bundle; sourceTree = "<group>"; };
		BD9CA4ADA7D5460BAA5BBD6D /* libPods.a */ = {isa = PBXFileReference; explicitFileType = archive.ar; includeInIndex = 0; path = libPods.a; sourceTree = BUILT_PRODUCTS_DIR; };
		F4047E4019E6E6B700D27001 /* DejalActivityView.h */ = {isa = PBXFileReference; fileEncoding = 4; lastKnownFileType = sourcecode.c.h; path = DejalActivityView.h; sourceTree = "<group>"; };
		F4047E4119E6E6B700D27001 /* DejalActivityView.m */ = {isa = PBXFileReference; fileEncoding = 4; lastKnownFileType = sourcecode.c.objc; path = DejalActivityView.m; sourceTree = "<group>"; };
		F4047E4A19E766D500D27001 /* UICKeyChainStore.h */ = {isa = PBXFileReference; fileEncoding = 4; lastKnownFileType = sourcecode.c.h; path = UICKeyChainStore.h; sourceTree = "<group>"; };
		F4047E4B19E766D500D27001 /* UICKeyChainStore.m */ = {isa = PBXFileReference; fileEncoding = 4; lastKnownFileType = sourcecode.c.objc; path = UICKeyChainStore.m; sourceTree = "<group>"; };
		F406C004195F25A300A84C76 /* NSData+Base64.h */ = {isa = PBXFileReference; fileEncoding = 4; lastKnownFileType = sourcecode.c.h; path = "NSData+Base64.h"; sourceTree = "<group>"; };
		F406C005195F25A300A84C76 /* NSData+Base64.m */ = {isa = PBXFileReference; fileEncoding = 4; lastKnownFileType = sourcecode.c.objc; path = "NSData+Base64.m"; sourceTree = "<group>"; };
		F406C006195F25A300A84C76 /* NSString+Base64.h */ = {isa = PBXFileReference; fileEncoding = 4; lastKnownFileType = sourcecode.c.h; path = "NSString+Base64.h"; sourceTree = "<group>"; };
		F406C007195F25A300A84C76 /* NSString+Base64.m */ = {isa = PBXFileReference; fileEncoding = 4; lastKnownFileType = sourcecode.c.objc; path = "NSString+Base64.m"; sourceTree = "<group>"; };
		F406C008195F25A300A84C76 /* CryptoProxy.h */ = {isa = PBXFileReference; fileEncoding = 4; lastKnownFileType = sourcecode.c.h; path = CryptoProxy.h; sourceTree = "<group>"; };
		F406C009195F25A300A84C76 /* CryptoProxy.m */ = {isa = PBXFileReference; fileEncoding = 4; lastKnownFileType = sourcecode.c.objc; path = CryptoProxy.m; sourceTree = "<group>"; };
		F406C00E195F25A300A84C76 /* HawkAuth.h */ = {isa = PBXFileReference; fileEncoding = 4; lastKnownFileType = sourcecode.c.h; path = HawkAuth.h; sourceTree = "<group>"; };
		F406C00F195F25A300A84C76 /* HawkAuth.m */ = {isa = PBXFileReference; fileEncoding = 4; lastKnownFileType = sourcecode.c.objc; path = HawkAuth.m; sourceTree = "<group>"; };
		F406C010195F25A300A84C76 /* HawkCredentials.h */ = {isa = PBXFileReference; fileEncoding = 4; lastKnownFileType = sourcecode.c.h; path = HawkCredentials.h; sourceTree = "<group>"; };
		F406C011195F25A300A84C76 /* HawkCredentials.m */ = {isa = PBXFileReference; fileEncoding = 4; lastKnownFileType = sourcecode.c.objc; path = HawkCredentials.m; sourceTree = "<group>"; };
		F406C012195F25A300A84C76 /* HawkError.h */ = {isa = PBXFileReference; fileEncoding = 4; lastKnownFileType = sourcecode.c.h; path = HawkError.h; sourceTree = "<group>"; };
		F406C013195F25A300A84C76 /* HawkError.m */ = {isa = PBXFileReference; fileEncoding = 4; lastKnownFileType = sourcecode.c.objc; path = HawkError.m; sourceTree = "<group>"; };
		F406C014195F25A300A84C76 /* NSString+Parser.h */ = {isa = PBXFileReference; fileEncoding = 4; lastKnownFileType = sourcecode.c.h; path = "NSString+Parser.h"; sourceTree = "<group>"; };
		F406C015195F25A300A84C76 /* NSString+Parser.m */ = {isa = PBXFileReference; fileEncoding = 4; lastKnownFileType = sourcecode.c.objc; path = "NSString+Parser.m"; sourceTree = "<group>"; };
		F406C016195F25A300A84C76 /* NSString+Trim.h */ = {isa = PBXFileReference; fileEncoding = 4; lastKnownFileType = sourcecode.c.h; path = "NSString+Trim.h"; sourceTree = "<group>"; };
		F406C017195F25A300A84C76 /* NSString+Trim.m */ = {isa = PBXFileReference; fileEncoding = 4; lastKnownFileType = sourcecode.c.objc; path = "NSString+Trim.m"; sourceTree = "<group>"; };
		F406C01C195F25A300A84C76 /* FXAccountClient.h */ = {isa = PBXFileReference; fileEncoding = 4; lastKnownFileType = sourcecode.c.h; path = FXAccountClient.h; sourceTree = "<group>"; };
		F406C01D195F25A300A84C76 /* FXAccountClient.m */ = {isa = PBXFileReference; fileEncoding = 4; lastKnownFileType = sourcecode.c.objc; path = FXAccountClient.m; sourceTree = "<group>"; };
		F406C01E195F25A300A84C76 /* FXUserAuth.h */ = {isa = PBXFileReference; fileEncoding = 4; lastKnownFileType = sourcecode.c.h; path = FXUserAuth.h; sourceTree = "<group>"; };
		F406C01F195F25A300A84C76 /* FXUserAuth.m */ = {isa = PBXFileReference; fileEncoding = 4; lastKnownFileType = sourcecode.c.objc; path = FXUserAuth.m; sourceTree = "<group>"; };
		F406C020195F25A300A84C76 /* FXSyncStore.h */ = {isa = PBXFileReference; fileEncoding = 4; lastKnownFileType = sourcecode.c.h; path = FXSyncStore.h; sourceTree = "<group>"; };
		F406C021195F25A300A84C76 /* FXSyncStore.m */ = {isa = PBXFileReference; fileEncoding = 4; lastKnownFileType = sourcecode.c.objc; path = FXSyncStore.m; sourceTree = "<group>"; };
		F406C022195F25A300A84C76 /* FXSyncEngine.h */ = {isa = PBXFileReference; fileEncoding = 4; lastKnownFileType = sourcecode.c.h; path = FXSyncEngine.h; sourceTree = "<group>"; };
		F406C023195F25A300A84C76 /* FXSyncEngine.m */ = {isa = PBXFileReference; fileEncoding = 4; lastKnownFileType = sourcecode.c.objc; path = FXSyncEngine.m; sourceTree = "<group>"; };
		F406C024195F25A300A84C76 /* FXSyncItem.h */ = {isa = PBXFileReference; fileEncoding = 4; lastKnownFileType = sourcecode.c.h; path = FXSyncItem.h; sourceTree = "<group>"; };
		F406C025195F25A300A84C76 /* FXSyncItem.m */ = {isa = PBXFileReference; fileEncoding = 4; lastKnownFileType = sourcecode.c.objc; path = FXSyncItem.m; sourceTree = "<group>"; };
		F406C026195F25A300A84C76 /* NSData+Ext.h */ = {isa = PBXFileReference; fileEncoding = 4; lastKnownFileType = sourcecode.c.h; path = "NSData+Ext.h"; sourceTree = "<group>"; };
		F406C027195F25A300A84C76 /* NSData+Ext.m */ = {isa = PBXFileReference; fileEncoding = 4; lastKnownFileType = sourcecode.c.objc; path = "NSData+Ext.m"; sourceTree = "<group>"; };
		F407FAB517E622D6008179F4 /* Images.xcassets */ = {isa = PBXFileReference; lastKnownFileType = folder.assetcatalog; path = Images.xcassets; sourceTree = "<group>"; };
		F407FAB817E6231E008179F4 /* GAI.h */ = {isa = PBXFileReference; fileEncoding = 4; lastKnownFileType = sourcecode.c.h; path = GAI.h; sourceTree = "<group>"; };
		F407FAB917E6231E008179F4 /* GAIDictionaryBuilder.h */ = {isa = PBXFileReference; fileEncoding = 4; lastKnownFileType = sourcecode.c.h; path = GAIDictionaryBuilder.h; sourceTree = "<group>"; };
		F407FABA17E6231E008179F4 /* GAIFields.h */ = {isa = PBXFileReference; fileEncoding = 4; lastKnownFileType = sourcecode.c.h; path = GAIFields.h; sourceTree = "<group>"; };
		F407FABB17E6231E008179F4 /* GAILogger.h */ = {isa = PBXFileReference; fileEncoding = 4; lastKnownFileType = sourcecode.c.h; path = GAILogger.h; sourceTree = "<group>"; };
		F407FABC17E6231E008179F4 /* GAITrackedViewController.h */ = {isa = PBXFileReference; fileEncoding = 4; lastKnownFileType = sourcecode.c.h; path = GAITrackedViewController.h; sourceTree = "<group>"; };
		F407FABD17E6231E008179F4 /* GAITracker.h */ = {isa = PBXFileReference; fileEncoding = 4; lastKnownFileType = sourcecode.c.h; path = GAITracker.h; sourceTree = "<group>"; };
		F407FABE17E6231E008179F4 /* libGoogleAnalyticsServices.a */ = {isa = PBXFileReference; lastKnownFileType = archive.ar; path = libGoogleAnalyticsServices.a; sourceTree = "<group>"; };
		F40AF1E416D2C9AA00EDFD02 /* JSSearchTools.js */ = {isa = PBXFileReference; fileEncoding = 4; lastKnownFileType = sourcecode.javascript; path = JSSearchTools.js; sourceTree = "<group>"; };
		F41084D519CB46FD0064A9B3 /* Reachability.h */ = {isa = PBXFileReference; fileEncoding = 4; lastKnownFileType = sourcecode.c.h; path = Reachability.h; sourceTree = "<group>"; };
		F41084D619CB46FD0064A9B3 /* Reachability.m */ = {isa = PBXFileReference; fileEncoding = 4; lastKnownFileType = sourcecode.c.objc; path = Reachability.m; sourceTree = "<group>"; };
		F410E96319E19FEB001F0112 /* FXFolderSelectorController.h */ = {isa = PBXFileReference; fileEncoding = 4; lastKnownFileType = sourcecode.c.h; name = FXFolderSelectorController.h; path = ui/FXFolderSelectorController.h; sourceTree = "<group>"; };
		F410E96419E19FEC001F0112 /* FXFolderSelectorController.m */ = {isa = PBXFileReference; fileEncoding = 4; lastKnownFileType = sourcecode.c.objc; name = FXFolderSelectorController.m; path = ui/FXFolderSelectorController.m; sourceTree = "<group>"; };
		F41893521A27C6DA00FE91DF /* fr */ = {isa = PBXFileReference; lastKnownFileType = text.plist.strings; name = fr; path = fr.lproj/FXSync.strings; sourceTree = "<group>"; };
		F419E75718423E75007EE996 /* AVFoundation.framework */ = {isa = PBXFileReference; lastKnownFileType = wrapper.framework; name = AVFoundation.framework; path = System/Library/Frameworks/AVFoundation.framework; sourceTree = SDKROOT; };
		F42CC124195652E3005411EA /* JavaScriptCore.framework */ = {isa = PBXFileReference; lastKnownFileType = wrapper.framework; name = JavaScriptCore.framework; path = System/Library/Frameworks/JavaScriptCore.framework; sourceTree = SDKROOT; };
		F42CC1271956626A005411EA /* NSStringPunycodeAdditions.h */ = {isa = PBXFileReference; fileEncoding = 4; lastKnownFileType = sourcecode.c.h; path = NSStringPunycodeAdditions.h; sourceTree = "<group>"; };
		F42CC1281956626A005411EA /* NSStringPunycodeAdditions.m */ = {isa = PBXFileReference; fileEncoding = 4; lastKnownFileType = sourcecode.c.objc; path = NSStringPunycodeAdditions.m; sourceTree = "<group>"; };
		F442FD1E19D88B7E00298182 /* SGBrowserViewController.h */ = {isa = PBXFileReference; lastKnownFileType = sourcecode.c.h; path = SGBrowserViewController.h; sourceTree = "<group>"; };
		F446638716A2E31F00047704 /* Social.framework */ = {isa = PBXFileReference; lastKnownFileType = wrapper.framework; name = Social.framework; path = System/Library/Frameworks/Social.framework; sourceTree = SDKROOT; };
		F455171315A47D9100E0B54E /* MessageUI.framework */ = {isa = PBXFileReference; lastKnownFileType = wrapper.framework; name = MessageUI.framework; path = System/Library/Frameworks/MessageUI.framework; sourceTree = SDKROOT; };
		F455171515A47D9800E0B54E /* CFNetwork.framework */ = {isa = PBXFileReference; lastKnownFileType = wrapper.framework; name = CFNetwork.framework; path = System/Library/Frameworks/CFNetwork.framework; sourceTree = SDKROOT; };
		F455171715A47D9E00E0B54E /* libz.dylib */ = {isa = PBXFileReference; lastKnownFileType = "compiled.mach-o.dylib"; name = libz.dylib; path = usr/lib/libz.dylib; sourceTree = SDKROOT; };
		F455171915A47DA400E0B54E /* SystemConfiguration.framework */ = {isa = PBXFileReference; lastKnownFileType = wrapper.framework; name = SystemConfiguration.framework; path = System/Library/Frameworks/SystemConfiguration.framework; sourceTree = SDKROOT; };
		F455171B15A47DB100E0B54E /* MobileCoreServices.framework */ = {isa = PBXFileReference; lastKnownFileType = wrapper.framework; name = MobileCoreServices.framework; path = System/Library/Frameworks/MobileCoreServices.framework; sourceTree = SDKROOT; };
		F455C5F41A02E74400F49C07 /* Icons.xcassets */ = {isa = PBXFileReference; lastKnownFileType = folder.assetcatalog; name = Icons.xcassets; path = UI/Icons.xcassets; sourceTree = "<group>"; };
		F455C5F61A08702500F49C07 /* NSString+Levenshtein.h */ = {isa = PBXFileReference; fileEncoding = 4; lastKnownFileType = sourcecode.c.h; path = "NSString+Levenshtein.h"; sourceTree = "<group>"; };
		F455C5F71A08702500F49C07 /* NSString+Levenshtein.m */ = {isa = PBXFileReference; fileEncoding = 4; lastKnownFileType = sourcecode.c.objc; path = "NSString+Levenshtein.m"; sourceTree = "<group>"; };
		F459C15D15C6AF3200740236 /* SGBottomView.h */ = {isa = PBXFileReference; fileEncoding = 4; lastKnownFileType = sourcecode.c.h; path = SGBottomView.h; sourceTree = "<group>"; };
		F459C15E15C6AF3200740236 /* SGBottomView.m */ = {isa = PBXFileReference; fileEncoding = 4; lastKnownFileType = sourcecode.c.objc; path = SGBottomView.m; sourceTree = "<group>"; };
		F45E1ECA1819923000786048 /* CacheStoragePolicy.h */ = {isa = PBXFileReference; fileEncoding = 4; lastKnownFileType = sourcecode.c.h; path = CacheStoragePolicy.h; sourceTree = "<group>"; };
		F45E1ECB1819923000786048 /* CacheStoragePolicy.m */ = {isa = PBXFileReference; fileEncoding = 4; lastKnownFileType = sourcecode.c.objc; path = CacheStoragePolicy.m; sourceTree = "<group>"; };
		F45E1ECC1819923000786048 /* CanonicalRequest.h */ = {isa = PBXFileReference; fileEncoding = 4; lastKnownFileType = sourcecode.c.h; path = CanonicalRequest.h; sourceTree = "<group>"; };
		F45E1ECD1819923000786048 /* CanonicalRequest.m */ = {isa = PBXFileReference; fileEncoding = 4; lastKnownFileType = sourcecode.c.objc; path = CanonicalRequest.m; sourceTree = "<group>"; };
		F45E1ECE1819923000786048 /* CustomHTTPProtocol.h */ = {isa = PBXFileReference; fileEncoding = 4; lastKnownFileType = sourcecode.c.h; path = CustomHTTPProtocol.h; sourceTree = "<group>"; };
		F45E1ECF1819923000786048 /* CustomHTTPProtocol.m */ = {isa = PBXFileReference; fileEncoding = 4; lastKnownFileType = sourcecode.c.objc; path = CustomHTTPProtocol.m; sourceTree = "<group>"; };
		F46004CA1A27BDD3004548B7 /* de */ = {isa = PBXFileReference; lastKnownFileType = text.plist.strings; name = de; path = de.lproj/FXSync.strings; sourceTree = "<group>"; };
		F4665956194CA6890028DD40 /* libcommonCrypto.dylib */ = {isa = PBXFileReference; lastKnownFileType = "compiled.mach-o.dylib"; name = libcommonCrypto.dylib; path = usr/lib/system/libcommonCrypto.dylib; sourceTree = SDKROOT; };
		F467007A15A64CD500EACFBD /* libsqlite3.dylib */ = {isa = PBXFileReference; lastKnownFileType = "compiled.mach-o.dylib"; name = libsqlite3.dylib; path = usr/lib/libsqlite3.dylib; sourceTree = SDKROOT; };
		F467007C15A64CE000EACFBD /* Security.framework */ = {isa = PBXFileReference; lastKnownFileType = wrapper.framework; name = Security.framework; path = System/Library/Frameworks/Security.framework; sourceTree = SDKROOT; };
		F467007E15A64CF200EACFBD /* QuartzCore.framework */ = {isa = PBXFileReference; lastKnownFileType = wrapper.framework; name = QuartzCore.framework; path = System/Library/Frameworks/QuartzCore.framework; sourceTree = SDKROOT; };
		F46700FD15A651FA00EACFBD /* libicucore.dylib */ = {isa = PBXFileReference; lastKnownFileType = "compiled.mach-o.dylib"; name = libicucore.dylib; path = usr/lib/libicucore.dylib; sourceTree = SDKROOT; };
		F46991DD19FDB0D0005FC698 /* NJKWebViewProgress.h */ = {isa = PBXFileReference; fileEncoding = 4; lastKnownFileType = sourcecode.c.h; path = NJKWebViewProgress.h; sourceTree = "<group>"; };
		F46991DE19FDB0D0005FC698 /* NJKWebViewProgress.m */ = {isa = PBXFileReference; fileEncoding = 4; lastKnownFileType = sourcecode.c.objc; path = NJKWebViewProgress.m; sourceTree = "<group>"; };
		F46991DF19FDB0D0005FC698 /* NJKWebViewProgressView.h */ = {isa = PBXFileReference; fileEncoding = 4; lastKnownFileType = sourcecode.c.h; path = NJKWebViewProgressView.h; sourceTree = "<group>"; };
		F46991E019FDB0D0005FC698 /* NJKWebViewProgressView.m */ = {isa = PBXFileReference; fileEncoding = 4; lastKnownFileType = sourcecode.c.objc; path = NJKWebViewProgressView.m; sourceTree = "<group>"; };
		F46A6371167C300E0004BE43 /* JSTools.js */ = {isa = PBXFileReference; fileEncoding = 4; lastKnownFileType = sourcecode.javascript; path = JSTools.js; sourceTree = "<group>"; };
		F46A63AC167CCC1E0004BE43 /* SGSearchField.h */ = {isa = PBXFileReference; fileEncoding = 4; lastKnownFileType = sourcecode.c.h; path = SGSearchField.h; sourceTree = "<group>"; };
		F46A63AD167CCC1E0004BE43 /* SGSearchField.m */ = {isa = PBXFileReference; fileEncoding = 4; lastKnownFileType = sourcecode.c.objc; path = SGSearchField.m; sourceTree = "<group>"; };
		F46A63AE167CCC1E0004BE43 /* SGSearchViewController.h */ = {isa = PBXFileReference; fileEncoding = 4; lastKnownFileType = sourcecode.c.h; path = SGSearchViewController.h; sourceTree = "<group>"; };
		F46A63AF167CCC1E0004BE43 /* SGSearchViewController.m */ = {isa = PBXFileReference; fileEncoding = 4; lastKnownFileType = sourcecode.c.objc; path = SGSearchViewController.m; sourceTree = "<group>"; };
		F46A63B3167CE08F0004BE43 /* SGPageViewController.h */ = {isa = PBXFileReference; fileEncoding = 4; lastKnownFileType = sourcecode.c.h; path = SGPageViewController.h; sourceTree = "<group>"; };
		F46A63B4167CE08F0004BE43 /* SGPageViewController.m */ = {isa = PBXFileReference; fileEncoding = 4; lastKnownFileType = sourcecode.c.objc; path = SGPageViewController.m; sourceTree = "<group>"; };
		F48A732616BFFF8B006B25CB /* CoreData.framework */ = {isa = PBXFileReference; lastKnownFileType = wrapper.framework; name = CoreData.framework; path = System/Library/Frameworks/CoreData.framework; sourceTree = SDKROOT; };
		F48AF7B815A39632003A8DF0 /* UIWebView+WebViewAdditions.h */ = {isa = PBXFileReference; fileEncoding = 4; lastKnownFileType = sourcecode.c.h; path = "UIWebView+WebViewAdditions.h"; sourceTree = "<group>"; };
		F48AF7B915A39632003A8DF0 /* UIWebView+WebViewAdditions.m */ = {isa = PBXFileReference; fileEncoding = 4; lastKnownFileType = sourcecode.c.objc; path = "UIWebView+WebViewAdditions.m"; sourceTree = "<group>"; };
		F49EE8A415A24426001B4D5F /* SGTabDefines.h */ = {isa = PBXFileReference; fileEncoding = 4; lastKnownFileType = sourcecode.c.h; path = SGTabDefines.h; sourceTree = "<group>"; };
		F49EE8A515A24426001B4D5F /* SGTabView.h */ = {isa = PBXFileReference; fileEncoding = 4; lastKnownFileType = sourcecode.c.h; path = SGTabView.h; sourceTree = "<group>"; };
		F49EE8A615A24426001B4D5F /* SGTabView.m */ = {isa = PBXFileReference; fileEncoding = 4; lastKnownFileType = sourcecode.c.objc; path = SGTabView.m; sourceTree = "<group>"; };
		F49EE8A715A24426001B4D5F /* SGTabsView.h */ = {isa = PBXFileReference; fileEncoding = 4; lastKnownFileType = sourcecode.c.h; path = SGTabsView.h; sourceTree = "<group>"; };
		F49EE8A815A24426001B4D5F /* SGTabsView.m */ = {isa = PBXFileReference; fileEncoding = 4; lastKnownFileType = sourcecode.c.objc; path = SGTabsView.m; sourceTree = "<group>"; };
		F49EE8A915A24426001B4D5F /* SGTabsViewController.h */ = {isa = PBXFileReference; fileEncoding = 4; lastKnownFileType = sourcecode.c.h; path = SGTabsViewController.h; sourceTree = "<group>"; };
		F49EE8AA15A24426001B4D5F /* SGTabsViewController.m */ = {isa = PBXFileReference; fileEncoding = 4; lastKnownFileType = sourcecode.c.objc; path = SGTabsViewController.m; sourceTree = "<group>"; };
		F49EE8AB15A24426001B4D5F /* SGTabsToolbar.h */ = {isa = PBXFileReference; fileEncoding = 4; lastKnownFileType = sourcecode.c.h; path = SGTabsToolbar.h; sourceTree = "<group>"; };
		F49EE8AC15A24426001B4D5F /* SGTabsToolbar.m */ = {isa = PBXFileReference; fileEncoding = 4; lastKnownFileType = sourcecode.c.objc; path = SGTabsToolbar.m; sourceTree = "<group>"; };
		F49EE8B615A246AE001B4D5F /* SGWebViewController.h */ = {isa = PBXFileReference; fileEncoding = 4; lastKnownFileType = sourcecode.c.h; path = SGWebViewController.h; sourceTree = "<group>"; };
		F49EE8B715A246AE001B4D5F /* SGWebViewController.m */ = {isa = PBXFileReference; fileEncoding = 4; lastKnownFileType = sourcecode.c.objc; path = SGWebViewController.m; sourceTree = "<group>"; };
		F4ADE13919AF9C8D00A5B380 /* tommath.c */ = {isa = PBXFileReference; fileEncoding = 4; lastKnownFileType = sourcecode.c.c; path = tommath.c; sourceTree = "<group>"; };
		F4ADE13A19AF9C8D00A5B380 /* tommath.h */ = {isa = PBXFileReference; fileEncoding = 4; lastKnownFileType = sourcecode.c.h; path = tommath.h; sourceTree = "<group>"; };
		F4ADE13B19AF9C8D00A5B380 /* tommath_class.h */ = {isa = PBXFileReference; fileEncoding = 4; lastKnownFileType = sourcecode.c.h; path = tommath_class.h; sourceTree = "<group>"; };
		F4ADE13C19AF9C8D00A5B380 /* tommath_superclass.h */ = {isa = PBXFileReference; fileEncoding = 4; lastKnownFileType = sourcecode.c.h; path = tommath_superclass.h; sourceTree = "<group>"; };
		F4ADE13E19AFC00900A5B380 /* libsqlite3.0.dylib */ = {isa = PBXFileReference; lastKnownFileType = "compiled.mach-o.dylib"; name = libsqlite3.0.dylib; path = usr/lib/libsqlite3.0.dylib; sourceTree = SDKROOT; };
		F4B72E681A369BA8000E0753 /* cs */ = {isa = PBXFileReference; lastKnownFileType = text.plist.strings; name = cs; path = cs.lproj/TUSafariActivity.strings; sourceTree = "<group>"; };
		F4B72E691A369BA8000E0753 /* de */ = {isa = PBXFileReference; lastKnownFileType = text.plist.strings; name = de; path = de.lproj/TUSafariActivity.strings; sourceTree = "<group>"; };
		F4B72E6A1A369BA8000E0753 /* en */ = {isa = PBXFileReference; lastKnownFileType = text.plist.strings; name = en; path = en.lproj/TUSafariActivity.strings; sourceTree = "<group>"; };
		F4B72E6B1A369BA8000E0753 /* es */ = {isa = PBXFileReference; lastKnownFileType = text.plist.strings; name = es; path = es.lproj/TUSafariActivity.strings; sourceTree = "<group>"; };
		F4B72E6C1A369BA8000E0753 /* eu */ = {isa = PBXFileReference; lastKnownFileType = text.plist.strings; name = eu; path = eu.lproj/TUSafariActivity.strings; sourceTree = "<group>"; };
		F4B72E6D1A369BA8000E0753 /* fi */ = {isa = PBXFileReference; lastKnownFileType = text.plist.strings; name = fi; path = fi.lproj/TUSafariActivity.strings; sourceTree = "<group>"; };
		F4B72E6E1A369BA8000E0753 /* fr */ = {isa = PBXFileReference; lastKnownFileType = text.plist.strings; name = fr; path = fr.lproj/TUSafariActivity.strings; sourceTree = "<group>"; };
		F4B72E6F1A369BA8000E0753 /* it */ = {isa = PBXFileReference; lastKnownFileType = text.plist.strings; name = it; path = it.lproj/TUSafariActivity.strings; sourceTree = "<group>"; };
		F4B72E701A369BA8000E0753 /* ja */ = {isa = PBXFileReference; lastKnownFileType = text.plist.strings; name = ja; path = ja.lproj/TUSafariActivity.strings; sourceTree = "<group>"; };
		F4B72E711A369BA8000E0753 /* ko */ = {isa = PBXFileReference; lastKnownFileType = text.plist.strings; name = ko; path = ko.lproj/TUSafariActivity.strings; sourceTree = "<group>"; };
		F4B72E721A369BA8000E0753 /* nl */ = {isa = PBXFileReference; lastKnownFileType = text.plist.strings; name = nl; path = nl.lproj/TUSafariActivity.strings; sourceTree = "<group>"; };
		F4B72E731A369BA8000E0753 /* no */ = {isa = PBXFileReference; lastKnownFileType = text.plist.strings; name = no; path = no.lproj/TUSafariActivity.strings; sourceTree = "<group>"; };
		F4B72E741A369BA8000E0753 /* pl */ = {isa = PBXFileReference; lastKnownFileType = text.plist.strings; name = pl; path = pl.lproj/TUSafariActivity.strings; sourceTree = "<group>"; };
		F4B72E751A369BA8000E0753 /* pt */ = {isa = PBXFileReference; lastKnownFileType = text.plist.strings; name = pt; path = pt.lproj/TUSafariActivity.strings; sourceTree = "<group>"; };
		F4B72E761A369BA8000E0753 /* ru */ = {isa = PBXFileReference; lastKnownFileType = text.plist.strings; name = ru; path = ru.lproj/TUSafariActivity.strings; sourceTree = "<group>"; };
		F4B72E771A369BA8000E0753 /* safari.png */ = {isa = PBXFileReference; lastKnownFileType = image.png; path = safari.png; sourceTree = "<group>"; };
		F4B72E781A369BA8000E0753 /* safari@2x.png */ = {isa = PBXFileReference; lastKnownFileType = image.png; path = "safari@2x.png"; sourceTree = "<group>"; };
		F4B72E791A369BA8000E0753 /* safari@3x.png */ = {isa = PBXFileReference; lastKnownFileType = image.png; path = "safari@3x.png"; sourceTree = "<group>"; };
		F4B72E7A1A369BA8000E0753 /* safari~iPad.png */ = {isa = PBXFileReference; lastKnownFileType = image.png; path = "safari~iPad.png"; sourceTree = "<group>"; };
		F4B72E7B1A369BA8000E0753 /* safari~iPad@2x.png */ = {isa = PBXFileReference; lastKnownFileType = image.png; path = "safari~iPad@2x.png"; sourceTree = "<group>"; };
		F4B72E7C1A369BA8000E0753 /* sk */ = {isa = PBXFileReference; lastKnownFileType = text.plist.strings; name = sk; path = sk.lproj/TUSafariActivity.strings; sourceTree = "<group>"; };
		F4B72E7D1A369BA8000E0753 /* sv */ = {isa = PBXFileReference; lastKnownFileType = text.plist.strings; name = sv; path = sv.lproj/TUSafariActivity.strings; sourceTree = "<group>"; };
		F4B72E7E1A369BA8000E0753 /* vi */ = {isa = PBXFileReference; lastKnownFileType = text.plist.strings; name = vi; path = vi.lproj/TUSafariActivity.strings; sourceTree = "<group>"; };
		F4B72E7F1A369BA8000E0753 /* zh_CN */ = {isa = PBXFileReference; lastKnownFileType = text.plist.strings; name = zh_CN; path = zh_CN.lproj/TUSafariActivity.strings; sourceTree = "<group>"; };
		F4B72E821A369BA8000E0753 /* TUSafariActivity.h */ = {isa = PBXFileReference; fileEncoding = 4; lastKnownFileType = sourcecode.c.h; path = TUSafariActivity.h; sourceTree = "<group>"; };
		F4B72E831A369BA8000E0753 /* TUSafariActivity.m */ = {isa = PBXFileReference; fileEncoding = 4; lastKnownFileType = sourcecode.c.objc; path = TUSafariActivity.m; sourceTree = "<group>"; };
		F4B72E841A369BA8000E0753 /* LICENSE.md */ = {isa = PBXFileReference; fileEncoding = 4; lastKnownFileType = net.daringfireball.markdown; path = LICENSE.md; sourceTree = "<group>"; };
		F4B72E8F1A369C24000E0753 /* LICENSE */ = {isa = PBXFileReference; fileEncoding = 4; lastKnownFileType = text; path = LICENSE; sourceTree = "<group>"; };
		F4BB5B0B16C32B7F00275E31 /* StoreKit.framework */ = {isa = PBXFileReference; lastKnownFileType = wrapper.framework; name = StoreKit.framework; path = System/Library/Frameworks/StoreKit.framework; sourceTree = SDKROOT; };
		F4BB5B0E16C32C8300275E31 /* Appirater.h */ = {isa = PBXFileReference; fileEncoding = 4; lastKnownFileType = sourcecode.c.h; path = Appirater.h; sourceTree = "<group>"; };
		F4BB5B0F16C32C8300275E31 /* Appirater.m */ = {isa = PBXFileReference; fileEncoding = 4; lastKnownFileType = sourcecode.c.objc; path = Appirater.m; sourceTree = "<group>"; };
		F4BB5B1016C32C8300275E31 /* AppiraterDelegate.h */ = {isa = PBXFileReference; fileEncoding = 4; lastKnownFileType = sourcecode.c.h; path = AppiraterDelegate.h; sourceTree = "<group>"; };
		F4BBDC9B19E427290078D4AA /* SGToolbarView.h */ = {isa = PBXFileReference; fileEncoding = 4; lastKnownFileType = sourcecode.c.h; path = SGToolbarView.h; sourceTree = "<group>"; };
		F4BBDC9C19E427290078D4AA /* SGToolbarView.m */ = {isa = PBXFileReference; fileEncoding = 4; lastKnownFileType = sourcecode.c.objc; path = SGToolbarView.m; sourceTree = "<group>"; };
		F4BBDC9F19E435640078D4AA /* KxMenu.h */ = {isa = PBXFileReference; fileEncoding = 4; lastKnownFileType = sourcecode.c.h; path = KxMenu.h; sourceTree = "<group>"; };
		F4BBDCA019E435640078D4AA /* KxMenu.m */ = {isa = PBXFileReference; fileEncoding = 4; lastKnownFileType = sourcecode.c.objc; path = KxMenu.m; sourceTree = "<group>"; };
		F4BBDD3419E453450078D4AA /* de */ = {isa = PBXFileReference; lastKnownFileType = text.plist.strings; name = de; path = de.lproj/AppiraterLocalizable.strings; sourceTree = "<group>"; };
		F4BBDD3619E4534E0078D4AA /* en */ = {isa = PBXFileReference; lastKnownFileType = text.plist.strings; name = en; path = en.lproj/AppiraterLocalizable.strings; sourceTree = "<group>"; };
		F4BBDD3719E453510078D4AA /* fr */ = {isa = PBXFileReference; lastKnownFileType = text.plist.strings; name = fr; path = fr.lproj/AppiraterLocalizable.strings; sourceTree = "<group>"; };
		F4BBDD3819E453520078D4AA /* es */ = {isa = PBXFileReference; lastKnownFileType = text.plist.strings; name = es; path = es.lproj/AppiraterLocalizable.strings; sourceTree = "<group>"; };
		F4BBDD3919E453540078D4AA /* zh */ = {isa = PBXFileReference; lastKnownFileType = text.plist.strings; name = zh; path = zh.lproj/AppiraterLocalizable.strings; sourceTree = "<group>"; };
		F4BBDD3A19E453570078D4AA /* zh-Hans */ = {isa = PBXFileReference; lastKnownFileType = text.plist.strings; name = "zh-Hans"; path = "zh-Hans.lproj/AppiraterLocalizable.strings"; sourceTree = "<group>"; };
		F4BBDD3B19E453590078D4AA /* zh-Hant */ = {isa = PBXFileReference; lastKnownFileType = text.plist.strings; name = "zh-Hant"; path = "zh-Hant.lproj/AppiraterLocalizable.strings"; sourceTree = "<group>"; };
		F4BBDD3C19E453720078D4AA /* ar */ = {isa = PBXFileReference; lastKnownFileType = text.plist.strings; name = ar; path = ar.lproj/AppiraterLocalizable.strings; sourceTree = "<group>"; };
		F4BBDD3D19E4537A0078D4AA /* vi */ = {isa = PBXFileReference; lastKnownFileType = text.plist.strings; name = vi; path = vi.lproj/AppiraterLocalizable.strings; sourceTree = "<group>"; };
		F4BBDD3E19E4537A0078D4AA /* uk */ = {isa = PBXFileReference; lastKnownFileType = text.plist.strings; name = uk; path = uk.lproj/AppiraterLocalizable.strings; sourceTree = "<group>"; };
		F4BBDD3F19E4537B0078D4AA /* tr */ = {isa = PBXFileReference; lastKnownFileType = text.plist.strings; name = tr; path = tr.lproj/AppiraterLocalizable.strings; sourceTree = "<group>"; };
		F4BBDD4019E4537C0078D4AA /* th */ = {isa = PBXFileReference; lastKnownFileType = text.plist.strings; name = th; path = th.lproj/AppiraterLocalizable.strings; sourceTree = "<group>"; };
		F4BBDD4119E4537D0078D4AA /* sv */ = {isa = PBXFileReference; lastKnownFileType = text.plist.strings; name = sv; path = sv.lproj/AppiraterLocalizable.strings; sourceTree = "<group>"; };
		F4BBDD4219E4537E0078D4AA /* sk */ = {isa = PBXFileReference; lastKnownFileType = text.plist.strings; name = sk; path = sk.lproj/AppiraterLocalizable.strings; sourceTree = "<group>"; };
		F4BBDD4319E453B40078D4AA /* ru */ = {isa = PBXFileReference; lastKnownFileType = text.plist.strings; name = ru; path = ru.lproj/AppiraterLocalizable.strings; sourceTree = "<group>"; };
		F4BBDD4419E453B60078D4AA /* ro */ = {isa = PBXFileReference; lastKnownFileType = text.plist.strings; name = ro; path = ro.lproj/AppiraterLocalizable.strings; sourceTree = "<group>"; };
		F4BBDD4519E453B80078D4AA /* pt */ = {isa = PBXFileReference; lastKnownFileType = text.plist.strings; name = pt; path = pt.lproj/AppiraterLocalizable.strings; sourceTree = "<group>"; };
		F4BBDD4619E453BA0078D4AA /* pt-BR */ = {isa = PBXFileReference; lastKnownFileType = text.plist.strings; name = "pt-BR"; path = "pt-BR.lproj/AppiraterLocalizable.strings"; sourceTree = "<group>"; };
		F4BBDD4719E453C10078D4AA /* pl */ = {isa = PBXFileReference; lastKnownFileType = text.plist.strings; name = pl; path = pl.lproj/AppiraterLocalizable.strings; sourceTree = "<group>"; };
		F4BBDD4819E453C60078D4AA /* nl */ = {isa = PBXFileReference; lastKnownFileType = text.plist.strings; name = nl; path = nl.lproj/AppiraterLocalizable.strings; sourceTree = "<group>"; };
		F4BBDD4919E453C90078D4AA /* ms */ = {isa = PBXFileReference; lastKnownFileType = text.plist.strings; name = ms; path = ms.lproj/AppiraterLocalizable.strings; sourceTree = "<group>"; };
		F4BBDD4A19E453CA0078D4AA /* ko */ = {isa = PBXFileReference; lastKnownFileType = text.plist.strings; name = ko; path = ko.lproj/AppiraterLocalizable.strings; sourceTree = "<group>"; };
		F4BBDD4B19E453CC0078D4AA /* nb */ = {isa = PBXFileReference; lastKnownFileType = text.plist.strings; name = nb; path = nb.lproj/AppiraterLocalizable.strings; sourceTree = "<group>"; };
		F4BBDD4C19E453CE0078D4AA /* ca */ = {isa = PBXFileReference; lastKnownFileType = text.plist.strings; name = ca; path = ca.lproj/AppiraterLocalizable.strings; sourceTree = "<group>"; };
		F4BBDD4D19E453CF0078D4AA /* cs */ = {isa = PBXFileReference; lastKnownFileType = text.plist.strings; name = cs; path = cs.lproj/AppiraterLocalizable.strings; sourceTree = "<group>"; };
		F4BBDD4E19E453D10078D4AA /* el */ = {isa = PBXFileReference; lastKnownFileType = text.plist.strings; name = el; path = el.lproj/AppiraterLocalizable.strings; sourceTree = "<group>"; };
		F4BBDD4F19E453D40078D4AA /* da */ = {isa = PBXFileReference; lastKnownFileType = text.plist.strings; name = da; path = da.lproj/AppiraterLocalizable.strings; sourceTree = "<group>"; };
		F4BBDD5019E453D50078D4AA /* hu */ = {isa = PBXFileReference; lastKnownFileType = text.plist.strings; name = hu; path = hu.lproj/AppiraterLocalizable.strings; sourceTree = "<group>"; };
		F4BBDD5119E453D90078D4AA /* fi */ = {isa = PBXFileReference; lastKnownFileType = text.plist.strings; name = fi; path = fi.lproj/AppiraterLocalizable.strings; sourceTree = "<group>"; };
		F4BBDD5219E453DB0078D4AA /* he */ = {isa = PBXFileReference; lastKnownFileType = text.plist.strings; name = he; path = he.lproj/AppiraterLocalizable.strings; sourceTree = "<group>"; };
		F4BBDD5319E453DC0078D4AA /* it */ = {isa = PBXFileReference; lastKnownFileType = text.plist.strings; name = it; path = it.lproj/AppiraterLocalizable.strings; sourceTree = "<group>"; };
		F4BBDD5419E453DE0078D4AA /* id */ = {isa = PBXFileReference; lastKnownFileType = text.plist.strings; name = id; path = id.lproj/AppiraterLocalizable.strings; sourceTree = "<group>"; };
		F4BBDD5519E453E00078D4AA /* ja */ = {isa = PBXFileReference; lastKnownFileType = text.plist.strings; name = ja; path = ja.lproj/AppiraterLocalizable.strings; sourceTree = "<group>"; };
		F4BBDD5819E617390078D4AA /* FXHelpViewController.h */ = {isa = PBXFileReference; fileEncoding = 4; lastKnownFileType = sourcecode.c.h; name = FXHelpViewController.h; path = UI/FXHelpViewController.h; sourceTree = "<group>"; };
		F4BBDD5919E617390078D4AA /* FXHelpViewController.m */ = {isa = PBXFileReference; fileEncoding = 4; lastKnownFileType = sourcecode.c.objc; name = FXHelpViewController.m; path = UI/FXHelpViewController.m; sourceTree = "<group>"; };
		F4C0C0C119DDAD7D00EF8722 /* FXTabsViewController.h */ = {isa = PBXFileReference; fileEncoding = 4; lastKnownFileType = sourcecode.c.h; name = FXTabsViewController.h; path = UI/FXTabsViewController.h; sourceTree = "<group>"; };
		F4C0C0C219DDAD7D00EF8722 /* FXTabsViewController.m */ = {isa = PBXFileReference; fileEncoding = 4; lastKnownFileType = sourcecode.c.objc; name = FXTabsViewController.m; path = UI/FXTabsViewController.m; sourceTree = "<group>"; };
		F4C0C0C519DDADA300EF8722 /* FXLoginViewController.h */ = {isa = PBXFileReference; fileEncoding = 4; lastKnownFileType = sourcecode.c.h; name = FXLoginViewController.h; path = UI/FXLoginViewController.h; sourceTree = "<group>"; };
		F4C0C0C619DDADA300EF8722 /* FXLoginViewController.m */ = {isa = PBXFileReference; fileEncoding = 4; lastKnownFileType = sourcecode.c.objc; name = FXLoginViewController.m; path = UI/FXLoginViewController.m; sourceTree = "<group>"; };
		F4C0C0C819DDAE0E00EF8722 /* FXBookmarkTableController.h */ = {isa = PBXFileReference; fileEncoding = 4; lastKnownFileType = sourcecode.c.h; name = FXBookmarkTableController.h; path = UI/FXBookmarkTableController.h; sourceTree = "<group>"; };
		F4C0C0C919DDAE0E00EF8722 /* FXBookmarkTableController.m */ = {isa = PBXFileReference; fileEncoding = 4; lastKnownFileType = sourcecode.c.objc; name = FXBookmarkTableController.m; path = UI/FXBookmarkTableController.m; sourceTree = "<group>"; };
		F4C0C0CB19DDB00400EF8722 /* FXSettingsViewController.h */ = {isa = PBXFileReference; fileEncoding = 4; lastKnownFileType = sourcecode.c.h; name = FXSettingsViewController.h; path = UI/FXSettingsViewController.h; sourceTree = "<group>"; };
		F4C0C0CC19DDB00400EF8722 /* FXSettingsViewController.m */ = {isa = PBXFileReference; fileEncoding = 4; lastKnownFileType = sourcecode.c.objc; name = FXSettingsViewController.m; path = UI/FXSettingsViewController.m; sourceTree = "<group>"; };
		F4C0C0D119DDCC6200EF8722 /* FXBookmarkEditController.h */ = {isa = PBXFileReference; fileEncoding = 4; lastKnownFileType = sourcecode.c.h; name = FXBookmarkEditController.h; path = UI/FXBookmarkEditController.h; sourceTree = "<group>"; };
		F4C0C0D219DDCC6200EF8722 /* FXBookmarkEditController.m */ = {isa = PBXFileReference; fileEncoding = 4; lastKnownFileType = sourcecode.c.objc; name = FXBookmarkEditController.m; path = UI/FXBookmarkEditController.m; sourceTree = "<group>"; };
		F4C1EE2015B07F9F00FB2B97 /* SGBlankController.h */ = {isa = PBXFileReference; fileEncoding = 4; lastKnownFileType = sourcecode.c.h; path = SGBlankController.h; sourceTree = "<group>"; };
		F4C1EE2115B07F9F00FB2B97 /* SGBlankController.m */ = {isa = PBXFileReference; fileEncoding = 4; lastKnownFileType = sourcecode.c.objc; path = SGBlankController.m; sourceTree = "<group>"; };
		F4C1EE2315B07FCB00FB2B97 /* SGPreviewPanel.h */ = {isa = PBXFileReference; fileEncoding = 4; lastKnownFileType = sourcecode.c.h; path = SGPreviewPanel.h; sourceTree = "<group>"; };
		F4C1EE2415B07FCB00FB2B97 /* SGPreviewPanel.m */ = {isa = PBXFileReference; fileEncoding = 4; lastKnownFileType = sourcecode.c.objc; path = SGPreviewPanel.m; sourceTree = "<group>"; };
		F4C3906B161093D500349AA4 /* Settings.bundle */ = {isa = PBXFileReference; lastKnownFileType = "wrapper.plug-in"; path = Settings.bundle; sourceTree = "<group>"; };
		F4C6F7CA1A27EE9E00266392 /* es */ = {isa = PBXFileReference; lastKnownFileType = text.plist.strings; name = es; path = es.lproj/FXSync.strings; sourceTree = "<group>"; };
		F4C6F7D11A282F2C00266392 /* Base */ = {isa = PBXFileReference; lastKnownFileType = file.xib; name = Base; path = Base.lproj/FXLoginViewController.xib; sourceTree = "<group>"; };
		F4C6F7D21A282F2C00266392 /* Base */ = {isa = PBXFileReference; lastKnownFileType = file.xib; name = Base; path = Base.lproj/FXSettingsViewController.xib; sourceTree = "<group>"; };
		F4C6F7D31A282F4200266392 /* Base */ = {isa = PBXFileReference; lastKnownFileType = text.plist.strings; name = Base; path = Base.lproj/FXSync.strings; sourceTree = "<group>"; };
		F4C6F7D51A282F9E00266392 /* de */ = {isa = PBXFileReference; lastKnownFileType = text.plist.strings; name = de; path = de.lproj/FXSettingsViewController.strings; sourceTree = "<group>"; };
		F4C6F7D71A28301F00266392 /* de */ = {isa = PBXFileReference; lastKnownFileType = text.plist.strings; name = de; path = de.lproj/FXLoginViewController.strings; sourceTree = "<group>"; };
		F4C6F7D91A28C6E400266392 /* fr */ = {isa = PBXFileReference; lastKnownFileType = text.plist.strings; name = fr; path = fr.lproj/FXLoginViewController.strings; sourceTree = "<group>"; };
		F4C6F7DB1A28C97C00266392 /* fr */ = {isa = PBXFileReference; lastKnownFileType = text.plist.strings; name = fr; path = fr.lproj/FXSettingsViewController.strings; sourceTree = "<group>"; };
		F4D03D4716C6A9BA00A67B9F /* SGBrowserViewController.m */ = {isa = PBXFileReference; fileEncoding = 4; lastKnownFileType = sourcecode.c.objc; path = SGBrowserViewController.m; sourceTree = "<group>"; };
		F4D03D4F16C6A9BA00A67B9F /* SGFavouritesManager.h */ = {isa = PBXFileReference; fileEncoding = 4; lastKnownFileType = sourcecode.c.h; path = SGFavouritesManager.h; sourceTree = "<group>"; };
		F4D03D5016C6A9BA00A67B9F /* SGFavouritesManager.m */ = {isa = PBXFileReference; fileEncoding = 4; lastKnownFileType = sourcecode.c.objc; path = SGFavouritesManager.m; sourceTree = "<group>"; };
		F4D03D5116C6A9BA00A67B9F /* UIImage+Scaling.h */ = {isa = PBXFileReference; fileEncoding = 4; lastKnownFileType = sourcecode.c.h; path = "UIImage+Scaling.h"; sourceTree = "<group>"; };
		F4D03D5216C6A9BA00A67B9F /* UIImage+Scaling.m */ = {isa = PBXFileReference; fileEncoding = 4; lastKnownFileType = sourcecode.c.objc; path = "UIImage+Scaling.m"; sourceTree = "<group>"; };
		F4D410E119D2641200E22491 /* FXSyncStock.h */ = {isa = PBXFileReference; fileEncoding = 4; lastKnownFileType = sourcecode.c.h; path = FXSyncStock.h; sourceTree = "<group>"; };
		F4D410E219D2641200E22491 /* FXSyncStock.m */ = {isa = PBXFileReference; fileEncoding = 4; lastKnownFileType = sourcecode.c.objc; path = FXSyncStock.m; sourceTree = "<group>"; };
		F4D6B067167FBEAF00BF8D4A /* SGPageToolbar.h */ = {isa = PBXFileReference; fileEncoding = 4; lastKnownFileType = sourcecode.c.h; path = SGPageToolbar.h; sourceTree = "<group>"; };
		F4D6B068167FBEAF00BF8D4A /* SGPageToolbar.m */ = {isa = PBXFileReference; fileEncoding = 4; lastKnownFileType = sourcecode.c.objc; path = SGPageToolbar.m; sourceTree = "<group>"; };
		F4FCC8F815B77D4800207BEA /* Twitter.framework */ = {isa = PBXFileReference; lastKnownFileType = wrapper.framework; name = Twitter.framework; path = System/Library/Frameworks/Twitter.framework; sourceTree = SDKROOT; };
		F4FD2B6515ADDB7B005DBAB4 /* en */ = {isa = PBXFileReference; lastKnownFileType = text.plist.strings; name = en; path = en.lproj/Localizable.strings; sourceTree = "<group>"; };
		F4FD2B6715ADDB9D005DBAB4 /* de */ = {isa = PBXFileReference; lastKnownFileType = text.plist.strings; name = de; path = de.lproj/Localizable.strings; sourceTree = "<group>"; };
		F4FD2B6815ADDBA1005DBAB4 /* fr */ = {isa = PBXFileReference; lastKnownFileType = text.plist.strings; name = fr; path = fr.lproj/Localizable.strings; sourceTree = "<group>"; };
		F4FD2B6915ADDBA6005DBAB4 /* es */ = {isa = PBXFileReference; lastKnownFileType = text.plist.strings; name = es; path = es.lproj/Localizable.strings; sourceTree = "<group>"; };
		F4FD2B6C15ADDC06005DBAB4 /* zh-Hant */ = {isa = PBXFileReference; lastKnownFileType = text.plist.strings; name = "zh-Hant"; path = "zh-Hant.lproj/Localizable.strings"; sourceTree = "<group>"; };
		F4FE2C45159B6C58001B04D7 /* Foxbrowser.app */ = {isa = PBXFileReference; explicitFileType = wrapper.application; includeInIndex = 0; path = Foxbrowser.app; sourceTree = BUILT_PRODUCTS_DIR; };
		F4FE2C49159B6C58001B04D7 /* UIKit.framework */ = {isa = PBXFileReference; lastKnownFileType = wrapper.framework; name = UIKit.framework; path = System/Library/Frameworks/UIKit.framework; sourceTree = SDKROOT; };
		F4FE2C4B159B6C58001B04D7 /* Foundation.framework */ = {isa = PBXFileReference; lastKnownFileType = wrapper.framework; name = Foundation.framework; path = System/Library/Frameworks/Foundation.framework; sourceTree = SDKROOT; };
		F4FE2C4D159B6C58001B04D7 /* CoreGraphics.framework */ = {isa = PBXFileReference; lastKnownFileType = wrapper.framework; name = CoreGraphics.framework; path = System/Library/Frameworks/CoreGraphics.framework; sourceTree = SDKROOT; };
		F4FE2C51159B6C58001B04D7 /* Foxbrowser-Info.plist */ = {isa = PBXFileReference; lastKnownFileType = text.plist.xml; path = "Foxbrowser-Info.plist"; sourceTree = "<group>"; };
		F4FE2C55159B6C58001B04D7 /* main.m */ = {isa = PBXFileReference; lastKnownFileType = sourcecode.c.objc; path = main.m; sourceTree = "<group>"; };
		F4FE2C57159B6C58001B04D7 /* Foxbrowser-Prefix.pch */ = {isa = PBXFileReference; lastKnownFileType = sourcecode.c.h; path = "Foxbrowser-Prefix.pch"; sourceTree = "<group>"; };
		F4FE2C58159B6C58001B04D7 /* SGAppDelegate.h */ = {isa = PBXFileReference; lastKnownFileType = sourcecode.c.h; path = SGAppDelegate.h; sourceTree = "<group>"; };
		F4FE2C59159B6C58001B04D7 /* SGAppDelegate.m */ = {isa = PBXFileReference; lastKnownFileType = sourcecode.c.objc; path = SGAppDelegate.m; sourceTree = "<group>"; };
		F4FE7F1E15B48F8900471BD1 /* SGAddButton.h */ = {isa = PBXFileReference; fileEncoding = 4; lastKnownFileType = sourcecode.c.h; path = SGAddButton.h; sourceTree = "<group>"; };
		F4FE7F1F15B48F8900471BD1 /* SGAddButton.m */ = {isa = PBXFileReference; fileEncoding = 4; lastKnownFileType = sourcecode.c.objc; path = SGAddButton.m; sourceTree = "<group>"; };
/* End PBXFileReference section */

/* Begin PBXFrameworksBuildPhase section */
		F4FE2C42159B6C58001B04D7 /* Frameworks */ = {
			isa = PBXFrameworksBuildPhase;
			buildActionMask = 2147483647;
			files = (
				9DF0475C1B74904E00A3D1FF /* libFillrSDK.a in Frameworks */,
				21AFFECB1B4B927100D2EB84 /* WebKit.framework in Frameworks */,
				F4ADE13F19AFC00900A5B380 /* libsqlite3.0.dylib in Frameworks */,
				F42CC123195652D8005411EA /* CoreGraphics.framework in Frameworks */,
				F419E75818423E75007EE996 /* AVFoundation.framework in Frameworks */,
				F4BB5B0C16C32B7F00275E31 /* StoreKit.framework in Frameworks */,
				F48A732716BFFF8B006B25CB /* CoreData.framework in Frameworks */,
				F446638816A2E31F00047704 /* Social.framework in Frameworks */,
				F4FCC8F915B77D4800207BEA /* Twitter.framework in Frameworks */,
				F455171415A47D9100E0B54E /* MessageUI.framework in Frameworks */,
				F407FABF17E6231E008179F4 /* libGoogleAnalyticsServices.a in Frameworks */,
				F46700FE15A651FA00EACFBD /* libicucore.dylib in Frameworks */,
				F467007F15A64CF200EACFBD /* QuartzCore.framework in Frameworks */,
				F467007D15A64CE000EACFBD /* Security.framework in Frameworks */,
				F455171C15A47DB100E0B54E /* MobileCoreServices.framework in Frameworks */,
				F455171A15A47DA400E0B54E /* SystemConfiguration.framework in Frameworks */,
				F455171815A47D9E00E0B54E /* libz.dylib in Frameworks */,
				F455171615A47D9800E0B54E /* CFNetwork.framework in Frameworks */,
				F4FE2C4A159B6C58001B04D7 /* UIKit.framework in Frameworks */,
				F4FE2C4C159B6C58001B04D7 /* Foundation.framework in Frameworks */,
			);
			runOnlyForDeploymentPostprocessing = 0;
		};
/* End PBXFrameworksBuildPhase section */

/* Begin PBXGroup section */
		9DF0474E1B748C3E00A3D1FF /* Products */ = {
			isa = PBXGroup;
			children = (
				9DF047571B748C3E00A3D1FF /* libFillrSDK.a */,
				9DF047591B748C3E00A3D1FF /* FillrSDKTests.xctest */,
				9DF0475B1B748C3E00A3D1FF /* FillrSDKBundle.bundle */,
			);
			name = Products;
			sourceTree = "<group>";
		};
		F4047E3E19E6E6B700D27001 /* ext */ = {
			isa = PBXGroup;
			children = (
				F4047E3F19E6E6B700D27001 /* DejalActivityView */,
			);
			name = ext;
			path = UI/ext;
			sourceTree = "<group>";
		};
		F4047E3F19E6E6B700D27001 /* DejalActivityView */ = {
			isa = PBXGroup;
			children = (
				F4047E4019E6E6B700D27001 /* DejalActivityView.h */,
				F4047E4119E6E6B700D27001 /* DejalActivityView.m */,
			);
			path = DejalActivityView;
			sourceTree = "<group>";
		};
		F4047E4919E766D500D27001 /* UICKeyChainStore */ = {
			isa = PBXGroup;
			children = (
				F4047E4A19E766D500D27001 /* UICKeyChainStore.h */,
				F4047E4B19E766D500D27001 /* UICKeyChainStore.m */,
			);
			path = UICKeyChainStore;
			sourceTree = "<group>";
		};
		F406C000195F25A300A84C76 /* FXSync */ = {
			isa = PBXGroup;
			children = (
				F4D9F83A1A27BBD2003E1D0C /* FXSync.strings */,
				F406C001195F25A300A84C76 /* ext */,
				F406C026195F25A300A84C76 /* NSData+Ext.h */,
				F406C027195F25A300A84C76 /* NSData+Ext.m */,
				F406C01C195F25A300A84C76 /* FXAccountClient.h */,
				F406C01D195F25A300A84C76 /* FXAccountClient.m */,
				F406C01E195F25A300A84C76 /* FXUserAuth.h */,
				F406C01F195F25A300A84C76 /* FXUserAuth.m */,
				F406C024195F25A300A84C76 /* FXSyncItem.h */,
				F406C025195F25A300A84C76 /* FXSyncItem.m */,
				F406C020195F25A300A84C76 /* FXSyncStore.h */,
				F406C021195F25A300A84C76 /* FXSyncStore.m */,
				F406C022195F25A300A84C76 /* FXSyncEngine.h */,
				F406C023195F25A300A84C76 /* FXSyncEngine.m */,
				F4D410E119D2641200E22491 /* FXSyncStock.h */,
				F4D410E219D2641200E22491 /* FXSyncStock.m */,
				F4C0C0C419DDAD8000EF8722 /* UI */,
			);
			path = FXSync;
			sourceTree = "<group>";
		};
		F406C001195F25A300A84C76 /* ext */ = {
			isa = PBXGroup;
			children = (
				F4047E4919E766D500D27001 /* UICKeyChainStore */,
				F41084D419CB46FD0064A9B3 /* Reachability */,
				F4ADE13819AF9C8D00A5B380 /* LibTomMath */,
				F406C002195F25A300A84C76 /* Hawk */,
			);
			path = ext;
			sourceTree = "<group>";
		};
		F406C002195F25A300A84C76 /* Hawk */ = {
			isa = PBXGroup;
			children = (
				F406C003195F25A300A84C76 /* Base64 */,
				F406C008195F25A300A84C76 /* CryptoProxy.h */,
				F406C009195F25A300A84C76 /* CryptoProxy.m */,
				F406C00E195F25A300A84C76 /* HawkAuth.h */,
				F406C00F195F25A300A84C76 /* HawkAuth.m */,
				F406C010195F25A300A84C76 /* HawkCredentials.h */,
				F406C011195F25A300A84C76 /* HawkCredentials.m */,
				F406C012195F25A300A84C76 /* HawkError.h */,
				F406C013195F25A300A84C76 /* HawkError.m */,
				F406C014195F25A300A84C76 /* NSString+Parser.h */,
				F406C015195F25A300A84C76 /* NSString+Parser.m */,
				F406C016195F25A300A84C76 /* NSString+Trim.h */,
				F406C017195F25A300A84C76 /* NSString+Trim.m */,
			);
			path = Hawk;
			sourceTree = "<group>";
		};
		F406C003195F25A300A84C76 /* Base64 */ = {
			isa = PBXGroup;
			children = (
				F406C004195F25A300A84C76 /* NSData+Base64.h */,
				F406C005195F25A300A84C76 /* NSData+Base64.m */,
				F406C006195F25A300A84C76 /* NSString+Base64.h */,
				F406C007195F25A300A84C76 /* NSString+Base64.m */,
			);
			path = Base64;
			sourceTree = "<group>";
		};
		F407FAB717E6231E008179F4 /* GoogleAnalytics */ = {
			isa = PBXGroup;
			children = (
				F407FAB817E6231E008179F4 /* GAI.h */,
				F407FAB917E6231E008179F4 /* GAIDictionaryBuilder.h */,
				F407FABA17E6231E008179F4 /* GAIFields.h */,
				F407FABB17E6231E008179F4 /* GAILogger.h */,
				F407FABC17E6231E008179F4 /* GAITrackedViewController.h */,
				F407FABD17E6231E008179F4 /* GAITracker.h */,
				F407FABE17E6231E008179F4 /* libGoogleAnalyticsServices.a */,
			);
			path = GoogleAnalytics;
			sourceTree = "<group>";
		};
		F41084D419CB46FD0064A9B3 /* Reachability */ = {
			isa = PBXGroup;
			children = (
				F41084D519CB46FD0064A9B3 /* Reachability.h */,
				F41084D619CB46FD0064A9B3 /* Reachability.m */,
			);
			path = Reachability;
			sourceTree = "<group>";
		};
		F410E96619E1AC82001F0112 /* Bookmarks */ = {
			isa = PBXGroup;
			children = (
				F4C0C0C819DDAE0E00EF8722 /* FXBookmarkTableController.h */,
				F4C0C0C919DDAE0E00EF8722 /* FXBookmarkTableController.m */,
				F4C0C0D119DDCC6200EF8722 /* FXBookmarkEditController.h */,
				F4C0C0D219DDCC6200EF8722 /* FXBookmarkEditController.m */,
				F410E96319E19FEB001F0112 /* FXFolderSelectorController.h */,
				F410E96419E19FEC001F0112 /* FXFolderSelectorController.m */,
			);
			name = Bookmarks;
			sourceTree = "<group>";
		};
		F42CC1261956626A005411EA /* IDN */ = {
			isa = PBXGroup;
			children = (
				F42CC1271956626A005411EA /* NSStringPunycodeAdditions.h */,
				F42CC1281956626A005411EA /* NSStringPunycodeAdditions.m */,
				F4B72E8F1A369C24000E0753 /* LICENSE */,
			);
			path = IDN;
			sourceTree = "<group>";
		};
		F45516E315A47B8A00E0B54E /* External */ = {
			isa = PBXGroup;
			children = (
				F4B72E641A369BA8000E0753 /* TUSafariActivity */,
				F46991DC19FDB0D0005FC698 /* NJKWebViewProgress */,
				F4BBDC9E19E435640078D4AA /* KxMenu */,
				F42CC1261956626A005411EA /* IDN */,
				F4BB5B0D16C32C8300275E31 /* Appirater */,
				F45E1EC91819923000786048 /* CustomHTTPProtocol */,
				F407FAB717E6231E008179F4 /* GoogleAnalytics */,
			);
			path = External;
			sourceTree = "<group>";
		};
		F45E1EC91819923000786048 /* CustomHTTPProtocol */ = {
			isa = PBXGroup;
			children = (
				F45E1ECA1819923000786048 /* CacheStoragePolicy.h */,
				F45E1ECB1819923000786048 /* CacheStoragePolicy.m */,
				F45E1ECC1819923000786048 /* CanonicalRequest.h */,
				F45E1ECD1819923000786048 /* CanonicalRequest.m */,
				F45E1ECE1819923000786048 /* CustomHTTPProtocol.h */,
				F45E1ECF1819923000786048 /* CustomHTTPProtocol.m */,
			);
			path = CustomHTTPProtocol;
			sourceTree = "<group>";
		};
		F4641A2F16029FE200AF0E18 /* TabsBar */ = {
			isa = PBXGroup;
			children = (
				F49EE8AB15A24426001B4D5F /* SGTabsToolbar.h */,
				F49EE8AC15A24426001B4D5F /* SGTabsToolbar.m */,
				F49EE8A915A24426001B4D5F /* SGTabsViewController.h */,
				F49EE8AA15A24426001B4D5F /* SGTabsViewController.m */,
				F49EE8A715A24426001B4D5F /* SGTabsView.h */,
				F49EE8A815A24426001B4D5F /* SGTabsView.m */,
				F49EE8A515A24426001B4D5F /* SGTabView.h */,
				F49EE8A615A24426001B4D5F /* SGTabView.m */,
			);
			name = TabsBar;
			sourceTree = "<group>";
		};
		F46991DC19FDB0D0005FC698 /* NJKWebViewProgress */ = {
			isa = PBXGroup;
			children = (
				F46991DD19FDB0D0005FC698 /* NJKWebViewProgress.h */,
				F46991DE19FDB0D0005FC698 /* NJKWebViewProgress.m */,
				F46991DF19FDB0D0005FC698 /* NJKWebViewProgressView.h */,
				F46991E019FDB0D0005FC698 /* NJKWebViewProgressView.m */,
			);
			path = NJKWebViewProgress;
			sourceTree = "<group>";
		};
		F46A63AB167CCC1E0004BE43 /* Search */ = {
			isa = PBXGroup;
			children = (
				F46A63AC167CCC1E0004BE43 /* SGSearchField.h */,
				F46A63AD167CCC1E0004BE43 /* SGSearchField.m */,
				F46A63AE167CCC1E0004BE43 /* SGSearchViewController.h */,
				F46A63AF167CCC1E0004BE43 /* SGSearchViewController.m */,
			);
			path = Search;
			sourceTree = "<group>";
		};
		F46A63B2167CE08F0004BE43 /* iPhone */ = {
			isa = PBXGroup;
			children = (
				F46A63B3167CE08F0004BE43 /* SGPageViewController.h */,
				F46A63B4167CE08F0004BE43 /* SGPageViewController.m */,
				F4D6B067167FBEAF00BF8D4A /* SGPageToolbar.h */,
				F4D6B068167FBEAF00BF8D4A /* SGPageToolbar.m */,
			);
			path = iPhone;
			sourceTree = "<group>";
		};
		F48AF7B715A3960A003A8DF0 /* Common */ = {
			isa = PBXGroup;
			children = (
				F4C1EE1F15B07F9F00FB2B97 /* Blank */,
				F4D03D4516C6A9BA00A67B9F /* Browser */,
				F4D03D4E16C6A9BA00A67B9F /* Favourites */,
				F46A63AB167CCC1E0004BE43 /* Search */,
				F4BF6F4515B735BA005FD2B6 /* WebView */,
			);
			path = Common;
			sourceTree = "<group>";
		};
		F49EE8A315A24426001B4D5F /* iPad */ = {
			isa = PBXGroup;
			children = (
				F4641A2F16029FE200AF0E18 /* TabsBar */,
				F4FE7F1E15B48F8900471BD1 /* SGAddButton.h */,
				F4FE7F1F15B48F8900471BD1 /* SGAddButton.m */,
				F49EE8A415A24426001B4D5F /* SGTabDefines.h */,
			);
			path = iPad;
			sourceTree = "<group>";
		};
		F4ADE13819AF9C8D00A5B380 /* LibTomMath */ = {
			isa = PBXGroup;
			children = (
				F4ADE13919AF9C8D00A5B380 /* tommath.c */,
				F4ADE13A19AF9C8D00A5B380 /* tommath.h */,
				F4ADE13B19AF9C8D00A5B380 /* tommath_class.h */,
				F4ADE13C19AF9C8D00A5B380 /* tommath_superclass.h */,
			);
			path = LibTomMath;
			sourceTree = "<group>";
		};
		F4B72E641A369BA8000E0753 /* TUSafariActivity */ = {
			isa = PBXGroup;
			children = (
				F4B72E651A369BA8000E0753 /* Assets */,
				F4B72E801A369BA8000E0753 /* Classes */,
				F4B72E841A369BA8000E0753 /* LICENSE.md */,
			);
			path = TUSafariActivity;
			sourceTree = "<group>";
		};
		F4B72E651A369BA8000E0753 /* Assets */ = {
			isa = PBXGroup;
			children = (
				F4B72E671A369BA8000E0753 /* TUSafariActivity.strings */,
				F4B72E771A369BA8000E0753 /* safari.png */,
				F4B72E781A369BA8000E0753 /* safari@2x.png */,
				F4B72E791A369BA8000E0753 /* safari@3x.png */,
				F4B72E7A1A369BA8000E0753 /* safari~iPad.png */,
				F4B72E7B1A369BA8000E0753 /* safari~iPad@2x.png */,
			);
			path = Assets;
			sourceTree = "<group>";
		};
		F4B72E801A369BA8000E0753 /* Classes */ = {
			isa = PBXGroup;
			children = (
				F4B72E821A369BA8000E0753 /* TUSafariActivity.h */,
				F4B72E831A369BA8000E0753 /* TUSafariActivity.m */,
			);
			path = Classes;
			sourceTree = "<group>";
		};
		F4BB5B0D16C32C8300275E31 /* Appirater */ = {
			isa = PBXGroup;
			children = (
				F4BBDD3319E453450078D4AA /* AppiraterLocalizable.strings */,
				F4BB5B0E16C32C8300275E31 /* Appirater.h */,
				F4BB5B0F16C32C8300275E31 /* Appirater.m */,
				F4BB5B1016C32C8300275E31 /* AppiraterDelegate.h */,
			);
			path = Appirater;
			sourceTree = "<group>";
		};
		F4BBDC9E19E435640078D4AA /* KxMenu */ = {
			isa = PBXGroup;
			children = (
				F4BBDC9F19E435640078D4AA /* KxMenu.h */,
				F4BBDCA019E435640078D4AA /* KxMenu.m */,
			);
			path = KxMenu;
			sourceTree = "<group>";
		};
		F4BBDD5B19E617410078D4AA /* Login */ = {
			isa = PBXGroup;
			children = (
				F4C0C0C519DDADA300EF8722 /* FXLoginViewController.h */,
				F4C0C0C619DDADA300EF8722 /* FXLoginViewController.m */,
				F4C6F7D01A282EF500266392 /* FXLoginViewController.xib */,
				F4BBDD5819E617390078D4AA /* FXHelpViewController.h */,
				F4BBDD5919E617390078D4AA /* FXHelpViewController.m */,
			);
			name = Login;
			sourceTree = "<group>";
		};
		F4BF6F4515B735BA005FD2B6 /* WebView */ = {
			isa = PBXGroup;
			children = (
				F46A6371167C300E0004BE43 /* JSTools.js */,
				F40AF1E416D2C9AA00EDFD02 /* JSSearchTools.js */,
				F48AF7B815A39632003A8DF0 /* UIWebView+WebViewAdditions.h */,
				F48AF7B915A39632003A8DF0 /* UIWebView+WebViewAdditions.m */,
				F49EE8B615A246AE001B4D5F /* SGWebViewController.h */,
				F49EE8B715A246AE001B4D5F /* SGWebViewController.m */,
			);
			path = WebView;
			sourceTree = "<group>";
		};
		F4C0C0C419DDAD8000EF8722 /* UI */ = {
			isa = PBXGroup;
			children = (
				F4047E3E19E6E6B700D27001 /* ext */,
				F4BBDD5B19E617410078D4AA /* Login */,
				F410E96619E1AC82001F0112 /* Bookmarks */,
				F4FD90F61A131D72005BF13F /* Settings */,
				F4C0C0C119DDAD7D00EF8722 /* FXTabsViewController.h */,
				F4C0C0C219DDAD7D00EF8722 /* FXTabsViewController.m */,
				F455C5F41A02E74400F49C07 /* Icons.xcassets */,
			);
			name = UI;
			sourceTree = "<group>";
		};
		F4C1EE1F15B07F9F00FB2B97 /* Blank */ = {
			isa = PBXGroup;
			children = (
				F4C1EE2015B07F9F00FB2B97 /* SGBlankController.h */,
				F4C1EE2115B07F9F00FB2B97 /* SGBlankController.m */,
				F4C1EE2315B07FCB00FB2B97 /* SGPreviewPanel.h */,
				F4C1EE2415B07FCB00FB2B97 /* SGPreviewPanel.m */,
				F459C15D15C6AF3200740236 /* SGBottomView.h */,
				F459C15E15C6AF3200740236 /* SGBottomView.m */,
			);
			path = Blank;
			sourceTree = "<group>";
		};
		F4D03D4516C6A9BA00A67B9F /* Browser */ = {
			isa = PBXGroup;
			children = (
				F4BBDC9B19E427290078D4AA /* SGToolbarView.h */,
				F4BBDC9C19E427290078D4AA /* SGToolbarView.m */,
				F442FD1E19D88B7E00298182 /* SGBrowserViewController.h */,
				F4D03D4716C6A9BA00A67B9F /* SGBrowserViewController.m */,
			);
			path = Browser;
			sourceTree = "<group>";
		};
		F4D03D4E16C6A9BA00A67B9F /* Favourites */ = {
			isa = PBXGroup;
			children = (
				F455C5F61A08702500F49C07 /* NSString+Levenshtein.h */,
				F455C5F71A08702500F49C07 /* NSString+Levenshtein.m */,
				F4D03D4F16C6A9BA00A67B9F /* SGFavouritesManager.h */,
				F4D03D5016C6A9BA00A67B9F /* SGFavouritesManager.m */,
				F4D03D5116C6A9BA00A67B9F /* UIImage+Scaling.h */,
				F4D03D5216C6A9BA00A67B9F /* UIImage+Scaling.m */,
			);
			path = Favourites;
			sourceTree = "<group>";
		};
		F4FD90F61A131D72005BF13F /* Settings */ = {
			isa = PBXGroup;
			children = (
				F4C0C0CB19DDB00400EF8722 /* FXSettingsViewController.h */,
				F4C0C0CC19DDB00400EF8722 /* FXSettingsViewController.m */,
				F4C6F7CD1A282EE500266392 /* FXSettingsViewController.xib */,
			);
			name = Settings;
			sourceTree = "<group>";
		};
		F4FE2C3A159B6C58001B04D7 = {
			isa = PBXGroup;
			children = (
				9DF0474D1B748C3E00A3D1FF /* FillrSDK.xcodeproj */,
				9DF047501B748C3E00A3D1FF /* FillrSDKBundle.bundle */,
				F406C000195F25A300A84C76 /* FXSync */,
				F45516E315A47B8A00E0B54E /* External */,
				F4FE2C4F159B6C58001B04D7 /* Browser */,
				F4FE2C48159B6C58001B04D7 /* Frameworks */,
				F4FE2C46159B6C58001B04D7 /* Products */,
			);
			sourceTree = "<group>";
		};
		F4FE2C46159B6C58001B04D7 /* Products */ = {
			isa = PBXGroup;
			children = (
				F4FE2C45159B6C58001B04D7 /* Foxbrowser.app */,
			);
			name = Products;
			sourceTree = "<group>";
		};
		F4FE2C48159B6C58001B04D7 /* Frameworks */ = {
			isa = PBXGroup;
			children = (
				21AFFECA1B4B927100D2EB84 /* WebKit.framework */,
				F4ADE13E19AFC00900A5B380 /* libsqlite3.0.dylib */,
				F42CC124195652E3005411EA /* JavaScriptCore.framework */,
				F4665956194CA6890028DD40 /* libcommonCrypto.dylib */,
				F419E75718423E75007EE996 /* AVFoundation.framework */,
				F4BB5B0B16C32B7F00275E31 /* StoreKit.framework */,
				F48A732616BFFF8B006B25CB /* CoreData.framework */,
				F46700FD15A651FA00EACFBD /* libicucore.dylib */,
				F455171715A47D9E00E0B54E /* libz.dylib */,
				F467007A15A64CD500EACFBD /* libsqlite3.dylib */,
				F446638716A2E31F00047704 /* Social.framework */,
				F4FCC8F815B77D4800207BEA /* Twitter.framework */,
				F467007E15A64CF200EACFBD /* QuartzCore.framework */,
				F467007C15A64CE000EACFBD /* Security.framework */,
				F455171B15A47DB100E0B54E /* MobileCoreServices.framework */,
				F455171915A47DA400E0B54E /* SystemConfiguration.framework */,
				F455171515A47D9800E0B54E /* CFNetwork.framework */,
				F455171315A47D9100E0B54E /* MessageUI.framework */,
				F4FE2C49159B6C58001B04D7 /* UIKit.framework */,
				F4FE2C4B159B6C58001B04D7 /* Foundation.framework */,
				F4FE2C4D159B6C58001B04D7 /* CoreGraphics.framework */,
				BD9CA4ADA7D5460BAA5BBD6D /* libPods.a */,
			);
			name = Frameworks;
			sourceTree = "<group>";
		};
		F4FE2C4F159B6C58001B04D7 /* Browser */ = {
			isa = PBXGroup;
			children = (
				F48AF7B715A3960A003A8DF0 /* Common */,
				F46A63B2167CE08F0004BE43 /* iPhone */,
				F49EE8A315A24426001B4D5F /* iPad */,
				F4FE2C58159B6C58001B04D7 /* SGAppDelegate.h */,
				F4FE2C59159B6C58001B04D7 /* SGAppDelegate.m */,
				F407FAB517E622D6008179F4 /* Images.xcassets */,
				F4FE2C50159B6C58001B04D7 /* Supporting Files */,
			);
			path = Browser;
			sourceTree = "<group>";
		};
		F4FE2C50159B6C58001B04D7 /* Supporting Files */ = {
			isa = PBXGroup;
			children = (
				F4FD2B6415ADDB7B005DBAB4 /* Localizable.strings */,
				F4FE2C51159B6C58001B04D7 /* Foxbrowser-Info.plist */,
				F4FE2C55159B6C58001B04D7 /* main.m */,
				F4FE2C57159B6C58001B04D7 /* Foxbrowser-Prefix.pch */,
				F4C3906B161093D500349AA4 /* Settings.bundle */,
			);
			name = "Supporting Files";
			sourceTree = "<group>";
		};
/* End PBXGroup section */

/* Begin PBXNativeTarget section */
		F4FE2C44159B6C58001B04D7 /* Foxbrowser */ = {
			isa = PBXNativeTarget;
			buildConfigurationList = F4FE2C5D159B6C58001B04D7 /* Build configuration list for PBXNativeTarget "Foxbrowser" */;
			buildPhases = (
				F4FE2C41159B6C58001B04D7 /* Sources */,
				F4FE2C42159B6C58001B04D7 /* Frameworks */,
				F4FE2C43159B6C58001B04D7 /* Resources */,
			);
			buildRules = (
			);
			dependencies = (
			);
			name = Foxbrowser;
			productName = Foxbrowser;
			productReference = F4FE2C45159B6C58001B04D7 /* Foxbrowser.app */;
			productType = "com.apple.product-type.application";
		};
/* End PBXNativeTarget section */

/* Begin PBXProject section */
		F4FE2C3C159B6C58001B04D7 /* Project object */ = {
			isa = PBXProject;
			attributes = {
				CLASSPREFIX = SG;
				LastUpgradeCheck = 0510;
				ORGANIZATIONNAME = "Simon Peter Grätzer";
				TargetAttributes = {
					F4FE2C44159B6C58001B04D7 = {
						DevelopmentTeam = 73449B82QX;
					};
				};
			};
			buildConfigurationList = F4FE2C3F159B6C58001B04D7 /* Build configuration list for PBXProject "Foxbrowser" */;
			compatibilityVersion = "Xcode 3.2";
			developmentRegion = English;
			hasScannedForEncodings = 0;
			knownRegions = (
				en,
				de,
				fr,
				es,
				zh,
				"zh-Hans",
				"zh-Hant",
				ar,
				ca,
				cs,
				da,
				el,
				fi,
				he,
				hu,
				id,
				it,
				ja,
				ko,
				ms,
				nb,
				nl,
				pl,
				"pt-BR",
				pt,
				ro,
				ru,
				sk,
				sv,
				th,
				tr,
				uk,
				vi,
				Base,
				eu,
				no,
				zh_CN,
			);
			mainGroup = F4FE2C3A159B6C58001B04D7;
			productRefGroup = F4FE2C46159B6C58001B04D7 /* Products */;
			projectDirPath = "";
			projectReferences = (
				{
					ProductGroup = 9DF0474E1B748C3E00A3D1FF /* Products */;
					ProjectRef = 9DF0474D1B748C3E00A3D1FF /* FillrSDK.xcodeproj */;
				},
			);
			projectRoot = "";
			targets = (
				F4FE2C44159B6C58001B04D7 /* Foxbrowser */,
			);
		};
/* End PBXProject section */

/* Begin PBXReferenceProxy section */
		9DF047571B748C3E00A3D1FF /* libFillrSDK.a */ = {
			isa = PBXReferenceProxy;
			fileType = archive.ar;
			path = libFillrSDK.a;
			remoteRef = 9DF047561B748C3E00A3D1FF /* PBXContainerItemProxy */;
			sourceTree = BUILT_PRODUCTS_DIR;
		};
		9DF047591B748C3E00A3D1FF /* FillrSDKTests.xctest */ = {
			isa = PBXReferenceProxy;
			fileType = wrapper.cfbundle;
			path = FillrSDKTests.xctest;
			remoteRef = 9DF047581B748C3E00A3D1FF /* PBXContainerItemProxy */;
			sourceTree = BUILT_PRODUCTS_DIR;
		};
		9DF0475B1B748C3E00A3D1FF /* FillrSDKBundle.bundle */ = {
			isa = PBXReferenceProxy;
			fileType = wrapper.cfbundle;
			path = FillrSDKBundle.bundle;
			remoteRef = 9DF0475A1B748C3E00A3D1FF /* PBXContainerItemProxy */;
			sourceTree = BUILT_PRODUCTS_DIR;
		};
/* End PBXReferenceProxy section */

/* Begin PBXResourcesBuildPhase section */
		F4FE2C43159B6C58001B04D7 /* Resources */ = {
			isa = PBXResourcesBuildPhase;
			buildActionMask = 2147483647;
			files = (
				F4B72E871A369BA8000E0753 /* safari.png in Resources */,
				F4B72E861A369BA8000E0753 /* TUSafariActivity.strings in Resources */,
				9DF047511B748C3E00A3D1FF /* FillrSDKBundle.bundle in Resources */,
				F4BBDD3519E453450078D4AA /* AppiraterLocalizable.strings in Resources */,
				F4B72E8B1A369BA8000E0753 /* safari~iPad@2x.png in Resources */,
				F455C5F51A02E74500F49C07 /* Icons.xcassets in Resources */,
				F4B72E8A1A369BA8000E0753 /* safari~iPad.png in Resources */,
				F40AF1E516D2C9AB00EDFD02 /* JSSearchTools.js in Resources */,
				F44870BC1687E0E700769EA4 /* JSTools.js in Resources */,
				F4B72E891A369BA8000E0753 /* safari@3x.png in Resources */,
				F4C6F7CB1A282EE500266392 /* FXSettingsViewController.xib in Resources */,
				F4D9F83C1A27BBD2003E1D0C /* FXSync.strings in Resources */,
				F4B72E901A369C24000E0753 /* LICENSE in Resources */,
				F407FAB617E622D6008179F4 /* Images.xcassets in Resources */,
				F4FD2B6615ADDB7B005DBAB4 /* Localizable.strings in Resources */,
				F4C3906C161093D500349AA4 /* Settings.bundle in Resources */,
				F4B72E881A369BA8000E0753 /* safari@2x.png in Resources */,
				F4C6F7CE1A282EF500266392 /* FXLoginViewController.xib in Resources */,
			);
			runOnlyForDeploymentPostprocessing = 0;
		};
/* End PBXResourcesBuildPhase section */

/* Begin PBXSourcesBuildPhase section */
		F4FE2C41159B6C58001B04D7 /* Sources */ = {
			isa = PBXSourcesBuildPhase;
			buildActionMask = 2147483647;
			files = (
				F42CC1291956626A005411EA /* NSStringPunycodeAdditions.m in Sources */,
				F4FE2C56159B6C58001B04D7 /* main.m in Sources */,
				F4FE2C5A159B6C58001B04D7 /* SGAppDelegate.m in Sources */,
				F49EE8AD15A24426001B4D5F /* SGTabView.m in Sources */,
				F49EE8AE15A24426001B4D5F /* SGTabsView.m in Sources */,
				F49EE8AF15A24426001B4D5F /* SGTabsViewController.m in Sources */,
				F49EE8B015A24426001B4D5F /* SGTabsToolbar.m in Sources */,
				F49EE8B815A246AE001B4D5F /* SGWebViewController.m in Sources */,
				F4C0C0D319DDCC6200EF8722 /* FXBookmarkEditController.m in Sources */,
				F48AF7BA15A39632003A8DF0 /* UIWebView+WebViewAdditions.m in Sources */,
				F406C02D195F25A300A84C76 /* HawkAuth.m in Sources */,
				F4BBDD5A19E617390078D4AA /* FXHelpViewController.m in Sources */,
				F406C02F195F25A300A84C76 /* HawkError.m in Sources */,
				F4C0C0C719DDADA300EF8722 /* FXLoginViewController.m in Sources */,
				F406C028195F25A300A84C76 /* NSData+Base64.m in Sources */,
				F41084D719CB46FD0064A9B3 /* Reachability.m in Sources */,
				F46991E119FDB0D0005FC698 /* NJKWebViewProgress.m in Sources */,
				F455C5F81A08702500F49C07 /* NSString+Levenshtein.m in Sources */,
				F406C030195F25A300A84C76 /* NSString+Parser.m in Sources */,
				F406C02A195F25A300A84C76 /* CryptoProxy.m in Sources */,
				F4C0C0CD19DDB00400EF8722 /* FXSettingsViewController.m in Sources */,
				F406C029195F25A300A84C76 /* NSString+Base64.m in Sources */,
				F406C02E195F25A300A84C76 /* HawkCredentials.m in Sources */,
				F4C1EE2215B07F9F00FB2B97 /* SGBlankController.m in Sources */,
				F4C1EE2515B07FCB00FB2B97 /* SGPreviewPanel.m in Sources */,
				F406C034195F25A300A84C76 /* FXAccountClient.m in Sources */,
				F4047E4C19E766D500D27001 /* UICKeyChainStore.m in Sources */,
				F4FE7F2015B48F8900471BD1 /* SGAddButton.m in Sources */,
				F45E1ED11819923000786048 /* CanonicalRequest.m in Sources */,
				F459C15F15C6AF3200740236 /* SGBottomView.m in Sources */,
				F45E1ED01819923000786048 /* CacheStoragePolicy.m in Sources */,
				F4ADE13D19AF9C8D00A5B380 /* tommath.c in Sources */,
				F406C039195F25A300A84C76 /* NSData+Ext.m in Sources */,
				F4BBDCA119E435640078D4AA /* KxMenu.m in Sources */,
				F410E96519E19FEC001F0112 /* FXFolderSelectorController.m in Sources */,
				F406C031195F25A300A84C76 /* NSString+Trim.m in Sources */,
				F46A63B0167CCC1E0004BE43 /* SGSearchField.m in Sources */,
				F46991E219FDB0D0005FC698 /* NJKWebViewProgressView.m in Sources */,
				F4047E4319E6E6B700D27001 /* DejalActivityView.m in Sources */,
				F46A63B1167CCC1E0004BE43 /* SGSearchViewController.m in Sources */,
				F46A63B5167CE08F0004BE43 /* SGPageViewController.m in Sources */,
				F406C038195F25A300A84C76 /* FXSyncItem.m in Sources */,
				F4C0C0CA19DDAE0E00EF8722 /* FXBookmarkTableController.m in Sources */,
				F4D6B069167FBEAF00BF8D4A /* SGPageToolbar.m in Sources */,
				F4BB5B1116C32C8300275E31 /* Appirater.m in Sources */,
				F4D03D5316C6A9BA00A67B9F /* SGBrowserViewController.m in Sources */,
				F406C035195F25A300A84C76 /* FXUserAuth.m in Sources */,
				F4D03D5716C6A9BA00A67B9F /* SGFavouritesManager.m in Sources */,
				F4D03D5816C6A9BA00A67B9F /* UIImage+Scaling.m in Sources */,
				F4B72E8D1A369BA8000E0753 /* TUSafariActivity.m in Sources */,
				F406C036195F25A300A84C76 /* FXSyncStore.m in Sources */,
				F4BBDC9D19E427290078D4AA /* SGToolbarView.m in Sources */,
				F4D410E319D2641200E22491 /* FXSyncStock.m in Sources */,
				F45E1ED21819923000786048 /* CustomHTTPProtocol.m in Sources */,
				F4C0C0C319DDAD7D00EF8722 /* FXTabsViewController.m in Sources */,
				F406C037195F25A300A84C76 /* FXSyncEngine.m in Sources */,
			);
			runOnlyForDeploymentPostprocessing = 0;
		};
/* End PBXSourcesBuildPhase section */

/* Begin PBXVariantGroup section */
		F4B72E671A369BA8000E0753 /* TUSafariActivity.strings */ = {
			isa = PBXVariantGroup;
			children = (
				F4B72E681A369BA8000E0753 /* cs */,
				F4B72E691A369BA8000E0753 /* de */,
				F4B72E6A1A369BA8000E0753 /* en */,
				F4B72E6B1A369BA8000E0753 /* es */,
				F4B72E6C1A369BA8000E0753 /* eu */,
				F4B72E6D1A369BA8000E0753 /* fi */,
				F4B72E6E1A369BA8000E0753 /* fr */,
				F4B72E6F1A369BA8000E0753 /* it */,
				F4B72E701A369BA8000E0753 /* ja */,
				F4B72E711A369BA8000E0753 /* ko */,
				F4B72E721A369BA8000E0753 /* nl */,
				F4B72E731A369BA8000E0753 /* no */,
				F4B72E741A369BA8000E0753 /* pl */,
				F4B72E751A369BA8000E0753 /* pt */,
				F4B72E761A369BA8000E0753 /* ru */,
				F4B72E7C1A369BA8000E0753 /* sk */,
				F4B72E7D1A369BA8000E0753 /* sv */,
				F4B72E7E1A369BA8000E0753 /* vi */,
				F4B72E7F1A369BA8000E0753 /* zh_CN */,
			);
			name = TUSafariActivity.strings;
			sourceTree = "<group>";
		};
		F4BBDD3319E453450078D4AA /* AppiraterLocalizable.strings */ = {
			isa = PBXVariantGroup;
			children = (
				F4BBDD3419E453450078D4AA /* de */,
				F4BBDD3619E4534E0078D4AA /* en */,
				F4BBDD3719E453510078D4AA /* fr */,
				F4BBDD3819E453520078D4AA /* es */,
				F4BBDD3919E453540078D4AA /* zh */,
				F4BBDD3A19E453570078D4AA /* zh-Hans */,
				F4BBDD3B19E453590078D4AA /* zh-Hant */,
				F4BBDD3C19E453720078D4AA /* ar */,
				F4BBDD3D19E4537A0078D4AA /* vi */,
				F4BBDD3E19E4537A0078D4AA /* uk */,
				F4BBDD3F19E4537B0078D4AA /* tr */,
				F4BBDD4019E4537C0078D4AA /* th */,
				F4BBDD4119E4537D0078D4AA /* sv */,
				F4BBDD4219E4537E0078D4AA /* sk */,
				F4BBDD4319E453B40078D4AA /* ru */,
				F4BBDD4419E453B60078D4AA /* ro */,
				F4BBDD4519E453B80078D4AA /* pt */,
				F4BBDD4619E453BA0078D4AA /* pt-BR */,
				F4BBDD4719E453C10078D4AA /* pl */,
				F4BBDD4819E453C60078D4AA /* nl */,
				F4BBDD4919E453C90078D4AA /* ms */,
				F4BBDD4A19E453CA0078D4AA /* ko */,
				F4BBDD4B19E453CC0078D4AA /* nb */,
				F4BBDD4C19E453CE0078D4AA /* ca */,
				F4BBDD4D19E453CF0078D4AA /* cs */,
				F4BBDD4E19E453D10078D4AA /* el */,
				F4BBDD4F19E453D40078D4AA /* da */,
				F4BBDD5019E453D50078D4AA /* hu */,
				F4BBDD5119E453D90078D4AA /* fi */,
				F4BBDD5219E453DB0078D4AA /* he */,
				F4BBDD5319E453DC0078D4AA /* it */,
				F4BBDD5419E453DE0078D4AA /* id */,
				F4BBDD5519E453E00078D4AA /* ja */,
			);
			name = AppiraterLocalizable.strings;
			sourceTree = "<group>";
		};
		F4C6F7CD1A282EE500266392 /* FXSettingsViewController.xib */ = {
			isa = PBXVariantGroup;
			children = (
				F4C6F7D21A282F2C00266392 /* Base */,
				F4C6F7D51A282F9E00266392 /* de */,
				F4C6F7DB1A28C97C00266392 /* fr */,
			);
			name = FXSettingsViewController.xib;
			path = UI;
			sourceTree = "<group>";
		};
		F4C6F7D01A282EF500266392 /* FXLoginViewController.xib */ = {
			isa = PBXVariantGroup;
			children = (
				F4C6F7D11A282F2C00266392 /* Base */,
				F4C6F7D71A28301F00266392 /* de */,
				F4C6F7D91A28C6E400266392 /* fr */,
			);
			name = FXLoginViewController.xib;
			path = UI;
			sourceTree = "<group>";
		};
		F4D9F83A1A27BBD2003E1D0C /* FXSync.strings */ = {
			isa = PBXVariantGroup;
			children = (
				F46004CA1A27BDD3004548B7 /* de */,
				F41893521A27C6DA00FE91DF /* fr */,
				F4C6F7CA1A27EE9E00266392 /* es */,
				F4C6F7D31A282F4200266392 /* Base */,
			);
			name = FXSync.strings;
			sourceTree = "<group>";
		};
		F4FD2B6415ADDB7B005DBAB4 /* Localizable.strings */ = {
			isa = PBXVariantGroup;
			children = (
				F4FD2B6515ADDB7B005DBAB4 /* en */,
				F4FD2B6715ADDB9D005DBAB4 /* de */,
				F4FD2B6815ADDBA1005DBAB4 /* fr */,
				F4FD2B6915ADDBA6005DBAB4 /* es */,
				F4FD2B6C15ADDC06005DBAB4 /* zh-Hant */,
			);
			name = Localizable.strings;
			sourceTree = "<group>";
		};
/* End PBXVariantGroup section */

/* Begin XCBuildConfiguration section */
		21AFFED91B4BAEC800D2EB84 /* Adhoc */ = {
			isa = XCBuildConfiguration;
			buildSettings = {
				ALWAYS_SEARCH_USER_PATHS = NO;
				CLANG_ENABLE_OBJC_ARC = YES;
				CODE_SIGN_IDENTITY = "iPhone Distribution";
				"CODE_SIGN_IDENTITY[sdk=iphoneos*]" = "iPhone Distribution";
				GCC_C_LANGUAGE_STANDARD = gnu99;
				GCC_VERSION = "";
				GCC_WARN_ABOUT_RETURN_TYPE = YES;
				GCC_WARN_UNINITIALIZED_AUTOS = YES;
				GCC_WARN_UNUSED_VARIABLE = YES;
				IPHONEOS_DEPLOYMENT_TARGET = 6.1;
				OTHER_CFLAGS = "-DNS_BLOCK_ASSERTIONS=1";
				PROVISIONING_PROFILE = "";
				"PROVISIONING_PROFILE[sdk=iphoneos*]" = "";
				SDKROOT = iphoneos;
				TARGETED_DEVICE_FAMILY = "1,2";
				VALIDATE_PRODUCT = YES;
			};
			name = Adhoc;
		};
		21AFFEDA1B4BAEC800D2EB84 /* Adhoc */ = {
			isa = XCBuildConfiguration;
			buildSettings = {
				ASSETCATALOG_COMPILER_APPICON_NAME = AppIcon;
				ASSETCATALOG_COMPILER_LAUNCHIMAGE_NAME = LaunchImage;
				CODE_SIGN_IDENTITY = "iPhone Developer";
				"CODE_SIGN_IDENTITY[sdk=iphoneos*]" = "iPhone Distribution: Pop Tech Pty Ltd (73449B82QX)";
				GCC_PRECOMPILE_PREFIX_HEADER = YES;
				GCC_PREFIX_HEADER = "Browser/Foxbrowser-Prefix.pch";
				HEADER_SEARCH_PATHS = "/Users/AlexZhaoBin/Documents/Projects/PopAnyFormiOS/FillrSDK/**";
				INFOPLIST_FILE = "Browser/Foxbrowser-Info.plist";
				IPHONEOS_DEPLOYMENT_TARGET = 6.1;
				LIBRARY_SEARCH_PATHS = (
					"$(inherited)",
					"$(SRCROOT)/External/GoogleAnalytics",
					"$(SDKROOT)/usr/lib/system",
					"$(PROJECT_DIR)/FillrSDK",
				);
				OTHER_LDFLAGS = "-ObjC";
				PRODUCT_NAME = "$(TARGET_NAME)";
				PROVISIONING_PROFILE = "a183a5e6-cc89-42c6-bbe7-20c265b1d6a2";
				TARGETED_DEVICE_FAMILY = "1,2";
				USER_HEADER_SEARCH_PATHS = "/Users/AlexZhaoBin/Documents/Projects/PopAnyFormiOS/FillrSDK/**";
				WRAPPER_EXTENSION = app;
			};
			name = Adhoc;
		};
		F4FE2C5B159B6C58001B04D7 /* Debug */ = {
			isa = XCBuildConfiguration;
			buildSettings = {
				ALWAYS_SEARCH_USER_PATHS = NO;
				CLANG_ENABLE_OBJC_ARC = YES;
				CODE_SIGN_IDENTITY = "iPhone Developer";
				"CODE_SIGN_IDENTITY[sdk=iphoneos*]" = "iPhone Developer";
				GCC_C_LANGUAGE_STANDARD = gnu99;
				GCC_DYNAMIC_NO_PIC = NO;
				GCC_OPTIMIZATION_LEVEL = 0;
				GCC_PREPROCESSOR_DEFINITIONS = (
					"DEBUG=1",
					"$(inherited)",
				);
				GCC_SYMBOLS_PRIVATE_EXTERN = NO;
				GCC_VERSION = "";
				GCC_WARN_ABOUT_RETURN_TYPE = YES;
				GCC_WARN_UNINITIALIZED_AUTOS = YES;
				GCC_WARN_UNUSED_VARIABLE = YES;
				IPHONEOS_DEPLOYMENT_TARGET = 6.1;
				ONLY_ACTIVE_ARCH = YES;
				PROVISIONING_PROFILE = "";
				"PROVISIONING_PROFILE[sdk=iphoneos*]" = "";
				SDKROOT = iphoneos;
				TARGETED_DEVICE_FAMILY = "1,2";
			};
			name = Debug;
		};
		F4FE2C5C159B6C58001B04D7 /* Release */ = {
			isa = XCBuildConfiguration;
			buildSettings = {
				ALWAYS_SEARCH_USER_PATHS = NO;
				CLANG_ENABLE_OBJC_ARC = YES;
				CODE_SIGN_IDENTITY = "iPhone Distribution";
				"CODE_SIGN_IDENTITY[sdk=iphoneos*]" = "iPhone Distribution";
				GCC_C_LANGUAGE_STANDARD = gnu99;
				GCC_VERSION = "";
				GCC_WARN_ABOUT_RETURN_TYPE = YES;
				GCC_WARN_UNINITIALIZED_AUTOS = YES;
				GCC_WARN_UNUSED_VARIABLE = YES;
				IPHONEOS_DEPLOYMENT_TARGET = 6.1;
				OTHER_CFLAGS = "-DNS_BLOCK_ASSERTIONS=1";
				PROVISIONING_PROFILE = "";
				"PROVISIONING_PROFILE[sdk=iphoneos*]" = "";
				SDKROOT = iphoneos;
				TARGETED_DEVICE_FAMILY = "1,2";
				VALIDATE_PRODUCT = YES;
			};
			name = Release;
		};
		F4FE2C5E159B6C58001B04D7 /* Debug */ = {
			isa = XCBuildConfiguration;
			buildSettings = {
				ASSETCATALOG_COMPILER_APPICON_NAME = AppIcon;
				ASSETCATALOG_COMPILER_LAUNCHIMAGE_NAME = LaunchImage;
				CODE_SIGN_IDENTITY = "iPhone Developer";
				"CODE_SIGN_IDENTITY[sdk=iphoneos*]" = "iPhone Developer";
				GCC_PRECOMPILE_PREFIX_HEADER = YES;
				GCC_PREFIX_HEADER = "Browser/Foxbrowser-Prefix.pch";
				HEADER_SEARCH_PATHS = "/Users/AlexZhaoBin/Documents/Projects/PopAnyFormiOS/FillrSDK/**";
				INFOPLIST_FILE = "Browser/Foxbrowser-Info.plist";
				IPHONEOS_DEPLOYMENT_TARGET = 6.1;
				LIBRARY_SEARCH_PATHS = (
					"$(inherited)",
					"$(SRCROOT)/External/GoogleAnalytics",
					"$(SDKROOT)/usr/lib/system",
					"$(PROJECT_DIR)/FillrSDK",
				);
				OTHER_LDFLAGS = "-ObjC";
				PRODUCT_NAME = "$(TARGET_NAME)";
				PROVISIONING_PROFILE = "";
				TARGETED_DEVICE_FAMILY = "1,2";
				USER_HEADER_SEARCH_PATHS = "/Users/AlexZhaoBin/Documents/Projects/PopAnyFormiOS/FillrSDK/**";
				WRAPPER_EXTENSION = app;
			};
			name = Debug;
		};
		F4FE2C5F159B6C58001B04D7 /* Release */ = {
			isa = XCBuildConfiguration;
			buildSettings = {
				ASSETCATALOG_COMPILER_APPICON_NAME = AppIcon;
				ASSETCATALOG_COMPILER_LAUNCHIMAGE_NAME = LaunchImage;
				CODE_SIGN_IDENTITY = "iPhone Developer";
				"CODE_SIGN_IDENTITY[sdk=iphoneos*]" = "iPhone Developer";
				GCC_PRECOMPILE_PREFIX_HEADER = YES;
				GCC_PREFIX_HEADER = "Browser/Foxbrowser-Prefix.pch";
				HEADER_SEARCH_PATHS = "/Users/AlexZhaoBin/Documents/Projects/PopAnyFormiOS/FillrSDK/**";
				INFOPLIST_FILE = "Browser/Foxbrowser-Info.plist";
				IPHONEOS_DEPLOYMENT_TARGET = 6.1;
				LIBRARY_SEARCH_PATHS = (
					"$(inherited)",
					"$(SRCROOT)/External/GoogleAnalytics",
					"$(SDKROOT)/usr/lib/system",
					"$(PROJECT_DIR)/FillrSDK",
				);
				OTHER_LDFLAGS = "-ObjC";
				PRODUCT_NAME = "$(TARGET_NAME)";
				PROVISIONING_PROFILE = "";
				TARGETED_DEVICE_FAMILY = "1,2";
				USER_HEADER_SEARCH_PATHS = "/Users/AlexZhaoBin/Documents/Projects/PopAnyFormiOS/FillrSDK/**";
				WRAPPER_EXTENSION = app;
			};
			name = Release;
		};
/* End XCBuildConfiguration section */

/* Begin XCConfigurationList section */
		F4FE2C3F159B6C58001B04D7 /* Build configuration list for PBXProject "Foxbrowser" */ = {
			isa = XCConfigurationList;
			buildConfigurations = (
				F4FE2C5B159B6C58001B04D7 /* Debug */,
				F4FE2C5C159B6C58001B04D7 /* Release */,
				21AFFED91B4BAEC800D2EB84 /* Adhoc */,
			);
			defaultConfigurationIsVisible = 0;
			defaultConfigurationName = Release;
		};
		F4FE2C5D159B6C58001B04D7 /* Build configuration list for PBXNativeTarget "Foxbrowser" */ = {
			isa = XCConfigurationList;
			buildConfigurations = (
				F4FE2C5E159B6C58001B04D7 /* Debug */,
				F4FE2C5F159B6C58001B04D7 /* Release */,
				21AFFEDA1B4BAEC800D2EB84 /* Adhoc */,
			);
			defaultConfigurationIsVisible = 0;
			defaultConfigurationName = Release;
		};
/* End XCConfigurationList section */
	};
	rootObject = F4FE2C3C159B6C58001B04D7 /* Project object */;
}
